// !$*UTF8*$!
{
	archiveVersion = 1;
	classes = {
	};
	objectVersion = 46;
	objects = {

/* Begin PBXBuildFile section */
		2B1504461723494500957F8A /* BMWDayDetailViewController.m in Sources */ = {isa = PBXBuildFile; fileRef = 2B1504451723494500957F8A /* BMWDayDetailViewController.m */; };
		2B1A359F16D1B67D00A3B339 /* ImageIO.framework in Frameworks */ = {isa = PBXBuildFile; fileRef = 2B1A359E16D1B67D00A3B339 /* ImageIO.framework */; };
		2B1A35A116D1B68400A3B339 /* ExternalAccessory.framework in Frameworks */ = {isa = PBXBuildFile; fileRef = 2B1A35A016D1B68400A3B339 /* ExternalAccessory.framework */; };
		2B4ACF891727A5260011E557 /* BMWAddressBookViewController.m in Sources */ = {isa = PBXBuildFile; fileRef = 2B4ACF881727A5260011E557 /* BMWAddressBookViewController.m */; };
		2B4ACF8C1727A5F80011E557 /* AddressBook.framework in Frameworks */ = {isa = PBXBuildFile; fileRef = 2B4ACF8A1727A5F80011E557 /* AddressBook.framework */; };
		2B4ACF8D1727A5F80011E557 /* AddressBookUI.framework in Frameworks */ = {isa = PBXBuildFile; fileRef = 2B4ACF8B1727A5F80011E557 /* AddressBookUI.framework */; };
		2BD4CB72172DF1C100687647 /* BMWAttendeeTableViewController.m in Sources */ = {isa = PBXBuildFile; fileRef = 2BD4CB71172DF1C100687647 /* BMWAttendeeTableViewController.m */; };
		4AC90CFD98BE42DCB9F4514D /* libPods.a in Frameworks */ = {isa = PBXBuildFile; fileRef = 8CF2515D55FF42B095C2BE58 /* libPods.a */; };
		4B2E69C4173A5E4300889482 /* BMWLoginViewController.m in Sources */ = {isa = PBXBuildFile; fileRef = 4B2E69C3173A5E4300889482 /* BMWLoginViewController.m */; };
		4B319AB616ED333000F888FC /* iconFlag.png in Resources */ = {isa = PBXBuildFile; fileRef = 4B319AB316ED333000F888FC /* iconFlag.png */; };
		4B319AB716ED333000F888FC /* iconFlag.png in Resources */ = {isa = PBXBuildFile; fileRef = 4B319AB316ED333000F888FC /* iconFlag.png */; };
		4B319AB816ED333000F888FC /* iconMan.png in Resources */ = {isa = PBXBuildFile; fileRef = 4B319AB416ED333000F888FC /* iconMan.png */; };
		4B319AB916ED333000F888FC /* iconMan.png in Resources */ = {isa = PBXBuildFile; fileRef = 4B319AB416ED333000F888FC /* iconMan.png */; };
		4B319ABA16ED333000F888FC /* iconNote.png in Resources */ = {isa = PBXBuildFile; fileRef = 4B319AB516ED333000F888FC /* iconNote.png */; };
		4B319ABB16ED333000F888FC /* iconNote.png in Resources */ = {isa = PBXBuildFile; fileRef = 4B319AB516ED333000F888FC /* iconNote.png */; };
		4B37025717233CAD00ACAAED /* libTwilioClient.a in Frameworks */ = {isa = PBXBuildFile; fileRef = 4B37025017233CAD00ACAAED /* libTwilioClient.a */; };
		4B37025817233CAD00ACAAED /* libTwilioClient.a in Frameworks */ = {isa = PBXBuildFile; fileRef = 4B37025017233CAD00ACAAED /* libTwilioClient.a */; };
		4B37025C17233CC300ACAAED /* libcrypto.a in Frameworks */ = {isa = PBXBuildFile; fileRef = 4B37025A17233CC300ACAAED /* libcrypto.a */; };
		4B37025D17233CC300ACAAED /* libcrypto.a in Frameworks */ = {isa = PBXBuildFile; fileRef = 4B37025A17233CC300ACAAED /* libcrypto.a */; };
		4B37025E17233CC300ACAAED /* libssl.a in Frameworks */ = {isa = PBXBuildFile; fileRef = 4B37025B17233CC300ACAAED /* libssl.a */; };
		4B37025F17233CC300ACAAED /* libssl.a in Frameworks */ = {isa = PBXBuildFile; fileRef = 4B37025B17233CC300ACAAED /* libssl.a */; };
		4B37026117233D0000ACAAED /* AVFoundation.framework in Frameworks */ = {isa = PBXBuildFile; fileRef = 4B37026017233D0000ACAAED /* AVFoundation.framework */; };
		4B37026417233E1B00ACAAED /* BMWPhone.m in Sources */ = {isa = PBXBuildFile; fileRef = 4B37026317233E1B00ACAAED /* BMWPhone.m */; };
		4B37026517233E1B00ACAAED /* BMWPhone.m in Sources */ = {isa = PBXBuildFile; fileRef = 4B37026317233E1B00ACAAED /* BMWPhone.m */; };
		4B3702691723405F00ACAAED /* BMWAPIClient.m in Sources */ = {isa = PBXBuildFile; fileRef = 4B3702681723405F00ACAAED /* BMWAPIClient.m */; };
		4B37026A1723405F00ACAAED /* BMWAPIClient.m in Sources */ = {isa = PBXBuildFile; fileRef = 4B3702681723405F00ACAAED /* BMWAPIClient.m */; };
		4B47581417378150004434FD /* disconnect.wav in Resources */ = {isa = PBXBuildFile; fileRef = 4B47580517378150004434FD /* disconnect.wav */; };
		4B47581517378150004434FD /* dtmf_0.wav in Resources */ = {isa = PBXBuildFile; fileRef = 4B47580617378150004434FD /* dtmf_0.wav */; };
		4B47581617378150004434FD /* dtmf_1.wav in Resources */ = {isa = PBXBuildFile; fileRef = 4B47580717378150004434FD /* dtmf_1.wav */; };
		4B47581717378150004434FD /* dtmf_2.wav in Resources */ = {isa = PBXBuildFile; fileRef = 4B47580817378150004434FD /* dtmf_2.wav */; };
		4B47581817378150004434FD /* dtmf_3.wav in Resources */ = {isa = PBXBuildFile; fileRef = 4B47580917378150004434FD /* dtmf_3.wav */; };
		4B47581917378150004434FD /* dtmf_4.wav in Resources */ = {isa = PBXBuildFile; fileRef = 4B47580A17378150004434FD /* dtmf_4.wav */; };
		4B47581A17378150004434FD /* dtmf_5.wav in Resources */ = {isa = PBXBuildFile; fileRef = 4B47580B17378150004434FD /* dtmf_5.wav */; };
		4B47581B17378150004434FD /* dtmf_6.wav in Resources */ = {isa = PBXBuildFile; fileRef = 4B47580C17378150004434FD /* dtmf_6.wav */; };
		4B47581C17378150004434FD /* dtmf_7.wav in Resources */ = {isa = PBXBuildFile; fileRef = 4B47580D17378150004434FD /* dtmf_7.wav */; };
		4B47581D17378150004434FD /* dtmf_8.wav in Resources */ = {isa = PBXBuildFile; fileRef = 4B47580E17378150004434FD /* dtmf_8.wav */; };
		4B47581E17378150004434FD /* dtmf_9.wav in Resources */ = {isa = PBXBuildFile; fileRef = 4B47580F17378150004434FD /* dtmf_9.wav */; };
		4B47581F17378150004434FD /* dtmf_hash.wav in Resources */ = {isa = PBXBuildFile; fileRef = 4B47581017378150004434FD /* dtmf_hash.wav */; };
		4B47582017378150004434FD /* dtmf_star.wav in Resources */ = {isa = PBXBuildFile; fileRef = 4B47581117378150004434FD /* dtmf_star.wav */; };
		4B47582117378150004434FD /* incoming.wav in Resources */ = {isa = PBXBuildFile; fileRef = 4B47581217378150004434FD /* incoming.wav */; };
		4B47582217378150004434FD /* outgoing.wav in Resources */ = {isa = PBXBuildFile; fileRef = 4B47581317378150004434FD /* outgoing.wav */; };
		4B49EBEE17462D7D004E538C /* speaker-active.png in Resources */ = {isa = PBXBuildFile; fileRef = 4B49EBEA17462D7D004E538C /* speaker-active.png */; };
		4B49EBEF17462D7D004E538C /* speaker-active@2x.png in Resources */ = {isa = PBXBuildFile; fileRef = 4B49EBEB17462D7D004E538C /* speaker-active@2x.png */; };
		4B49EBF017462D7D004E538C /* speaker.png in Resources */ = {isa = PBXBuildFile; fileRef = 4B49EBEC17462D7D004E538C /* speaker.png */; };
		4B49EBF117462D7D004E538C /* speaker@2x.png in Resources */ = {isa = PBXBuildFile; fileRef = 4B49EBED17462D7D004E538C /* speaker@2x.png */; };
		4B49EBF417462E3E004E538C /* speaker-disabled.png in Resources */ = {isa = PBXBuildFile; fileRef = 4B49EBF217462E3E004E538C /* speaker-disabled.png */; };
		4B49EBF517462E3E004E538C /* speaker-disabled@2x.png in Resources */ = {isa = PBXBuildFile; fileRef = 4B49EBF317462E3E004E538C /* speaker-disabled@2x.png */; };
		4B77FE0A16C6F2AF00426018 /* UIKit.framework in Frameworks */ = {isa = PBXBuildFile; fileRef = 4B77FE0916C6F2AF00426018 /* UIKit.framework */; };
		4B77FE0C16C6F2AF00426018 /* Foundation.framework in Frameworks */ = {isa = PBXBuildFile; fileRef = 4B77FE0B16C6F2AF00426018 /* Foundation.framework */; };
		4B77FE0E16C6F2AF00426018 /* CoreGraphics.framework in Frameworks */ = {isa = PBXBuildFile; fileRef = 4B77FE0D16C6F2AF00426018 /* CoreGraphics.framework */; };
		4B77FE1416C6F2AF00426018 /* InfoPlist.strings in Resources */ = {isa = PBXBuildFile; fileRef = 4B77FE1216C6F2AF00426018 /* InfoPlist.strings */; };
		4B77FE1616C6F2AF00426018 /* main.m in Sources */ = {isa = PBXBuildFile; fileRef = 4B77FE1516C6F2AF00426018 /* main.m */; };
		4B77FE1A16C6F2AF00426018 /* BMWAppDelegate.m in Sources */ = {isa = PBXBuildFile; fileRef = 4B77FE1916C6F2AF00426018 /* BMWAppDelegate.m */; settings = {COMPILER_FLAGS = "-fno-objc-arc"; }; };
		4B77FE2316C6F2AF00426018 /* MainStoryboard.storyboard in Resources */ = {isa = PBXBuildFile; fileRef = 4B77FE2116C6F2AF00426018 /* MainStoryboard.storyboard */; };
		4B77FE2616C6F2AF00426018 /* BMWViewController.m in Sources */ = {isa = PBXBuildFile; fileRef = 4B77FE2516C6F2AF00426018 /* BMWViewController.m */; };
		4B77FE2E16C6F2AF00426018 /* SenTestingKit.framework in Frameworks */ = {isa = PBXBuildFile; fileRef = 4B77FE2D16C6F2AF00426018 /* SenTestingKit.framework */; };
		4B77FE2F16C6F2AF00426018 /* UIKit.framework in Frameworks */ = {isa = PBXBuildFile; fileRef = 4B77FE0916C6F2AF00426018 /* UIKit.framework */; };
		4B77FE3016C6F2AF00426018 /* Foundation.framework in Frameworks */ = {isa = PBXBuildFile; fileRef = 4B77FE0B16C6F2AF00426018 /* Foundation.framework */; };
		4B77FE3816C6F2AF00426018 /* InfoPlist.strings in Resources */ = {isa = PBXBuildFile; fileRef = 4B77FE3616C6F2AF00426018 /* InfoPlist.strings */; };
		4B77FE3B16C6F2AF00426018 /* MerkelTests.m in Sources */ = {isa = PBXBuildFile; fileRef = 4B77FE3A16C6F2AF00426018 /* MerkelTests.m */; };
		4B7A855C17461E0D002DEFBC /* back-arrow.png in Resources */ = {isa = PBXBuildFile; fileRef = 4B7A855A17461E0D002DEFBC /* back-arrow.png */; };
		4B7A855D17461E0D002DEFBC /* back-arrow@2x.png in Resources */ = {isa = PBXBuildFile; fileRef = 4B7A855B17461E0D002DEFBC /* back-arrow@2x.png */; };
		4B8B324F174B18880046DE41 /* BMWAnalytics.m in Sources */ = {isa = PBXBuildFile; fileRef = 4B8B324E174B18880046DE41 /* BMWAnalytics.m */; };
		4BA3382D16D1942700A2CD24 /* Parse.framework in Frameworks */ = {isa = PBXBuildFile; fileRef = 4BA3382C16D1942700A2CD24 /* Parse.framework */; };
		4BA3382E16D1942700A2CD24 /* Parse.framework in Frameworks */ = {isa = PBXBuildFile; fileRef = 4BA3382C16D1942700A2CD24 /* Parse.framework */; };
		4BA3383016D1944C00A2CD24 /* AudioToolbox.framework in Frameworks */ = {isa = PBXBuildFile; fileRef = 4BA3382F16D1944C00A2CD24 /* AudioToolbox.framework */; };
		4BA3383216D1945100A2CD24 /* Accounts.framework in Frameworks */ = {isa = PBXBuildFile; fileRef = 4BA3383116D1945100A2CD24 /* Accounts.framework */; };
		4BA3383416D1945600A2CD24 /* AdSupport.framework in Frameworks */ = {isa = PBXBuildFile; fileRef = 4BA3383316D1945600A2CD24 /* AdSupport.framework */; };
		4BA3383616D1945B00A2CD24 /* CFNetwork.framework in Frameworks */ = {isa = PBXBuildFile; fileRef = 4BA3383516D1945B00A2CD24 /* CFNetwork.framework */; };
		4BA3383816D1946100A2CD24 /* CoreLocation.framework in Frameworks */ = {isa = PBXBuildFile; fileRef = 4BA3383716D1946100A2CD24 /* CoreLocation.framework */; };
		4BA3383A16D1946900A2CD24 /* libsqlite3.dylib in Frameworks */ = {isa = PBXBuildFile; fileRef = 4BA3383916D1946900A2CD24 /* libsqlite3.dylib */; };
		4BA3383C16D1946F00A2CD24 /* libz.1.1.3.dylib in Frameworks */ = {isa = PBXBuildFile; fileRef = 4BA3383B16D1946F00A2CD24 /* libz.1.1.3.dylib */; };
		4BA3383E16D1947400A2CD24 /* MobileCoreServices.framework in Frameworks */ = {isa = PBXBuildFile; fileRef = 4BA3383D16D1947400A2CD24 /* MobileCoreServices.framework */; };
		4BA3384016D1947C00A2CD24 /* QuartzCore.framework in Frameworks */ = {isa = PBXBuildFile; fileRef = 4BA3383F16D1947C00A2CD24 /* QuartzCore.framework */; };
		4BA3384216D1948300A2CD24 /* Security.framework in Frameworks */ = {isa = PBXBuildFile; fileRef = 4BA3384116D1948300A2CD24 /* Security.framework */; };
		4BA3384416D1948700A2CD24 /* Social.framework in Frameworks */ = {isa = PBXBuildFile; fileRef = 4BA3384316D1948700A2CD24 /* Social.framework */; };
		4BA3384616D1948D00A2CD24 /* StoreKit.framework in Frameworks */ = {isa = PBXBuildFile; fileRef = 4BA3384516D1948D00A2CD24 /* StoreKit.framework */; };
		4BA3384816D1949200A2CD24 /* SystemConfiguration.framework in Frameworks */ = {isa = PBXBuildFile; fileRef = 4BA3384716D1949200A2CD24 /* SystemConfiguration.framework */; };
		4BACDD0E173D0E9100150192 /* BMWTimeIndicatorView.m in Sources */ = {isa = PBXBuildFile; fileRef = 4BACDD0D173D0E9100150192 /* BMWTimeIndicatorView.m */; };
		4BACDD10173D6CE100150192 /* MessageUI.framework in Frameworks */ = {isa = PBXBuildFile; fileRef = 4BACDD0F173D6CE100150192 /* MessageUI.framework */; };
		4BB5E0CF173CA7CB00AD7B77 /* QBFlatButton.m in Sources */ = {isa = PBXBuildFile; fileRef = 4BB5E0CE173CA7CB00AD7B77 /* QBFlatButton.m */; };
		4BB5E0D2173CC2B300AD7B77 /* NSString+Validator.m in Sources */ = {isa = PBXBuildFile; fileRef = 4BB5E0D1173CC2B300AD7B77 /* NSString+Validator.m */; };
		4BBDFE70171D39810083D4BC /* UIColor+BMW.m in Sources */ = {isa = PBXBuildFile; fileRef = 4BBDFE6F171D39810083D4BC /* UIColor+BMW.m */; };
		4BBDFE71171D39810083D4BC /* UIColor+BMW.m in Sources */ = {isa = PBXBuildFile; fileRef = 4BBDFE6F171D39810083D4BC /* UIColor+BMW.m */; };
		4BBDFE74171D3D840083D4BC /* UIFont+BMW.m in Sources */ = {isa = PBXBuildFile; fileRef = 4BBDFE73171D3D840083D4BC /* UIFont+BMW.m */; };
		4BBDFE75171D3D840083D4BC /* UIFont+BMW.m in Sources */ = {isa = PBXBuildFile; fileRef = 4BBDFE73171D3D840083D4BC /* UIFont+BMW.m */; };
		4BBDFE7E171D3DDE0083D4BC /* Gotham-Black.otf in Resources */ = {isa = PBXBuildFile; fileRef = 4BBDFE76171D3DDE0083D4BC /* Gotham-Black.otf */; };
		4BBDFE7F171D3DDE0083D4BC /* Gotham-Black.otf in Resources */ = {isa = PBXBuildFile; fileRef = 4BBDFE76171D3DDE0083D4BC /* Gotham-Black.otf */; };
		4BBDFE80171D3DDE0083D4BC /* Gotham-Bold.otf in Resources */ = {isa = PBXBuildFile; fileRef = 4BBDFE77171D3DDE0083D4BC /* Gotham-Bold.otf */; };
		4BBDFE81171D3DDE0083D4BC /* Gotham-Bold.otf in Resources */ = {isa = PBXBuildFile; fileRef = 4BBDFE77171D3DDE0083D4BC /* Gotham-Bold.otf */; };
		4BBDFE82171D3DDE0083D4BC /* Gotham-Book.otf in Resources */ = {isa = PBXBuildFile; fileRef = 4BBDFE78171D3DDE0083D4BC /* Gotham-Book.otf */; };
		4BBDFE83171D3DDE0083D4BC /* Gotham-Book.otf in Resources */ = {isa = PBXBuildFile; fileRef = 4BBDFE78171D3DDE0083D4BC /* Gotham-Book.otf */; };
		4BBDFE84171D3DDE0083D4BC /* Gotham-Light.otf in Resources */ = {isa = PBXBuildFile; fileRef = 4BBDFE79171D3DDE0083D4BC /* Gotham-Light.otf */; };
		4BBDFE85171D3DDE0083D4BC /* Gotham-Light.otf in Resources */ = {isa = PBXBuildFile; fileRef = 4BBDFE79171D3DDE0083D4BC /* Gotham-Light.otf */; };
		4BBDFE86171D3DDE0083D4BC /* Gotham-Medium.otf in Resources */ = {isa = PBXBuildFile; fileRef = 4BBDFE7A171D3DDE0083D4BC /* Gotham-Medium.otf */; };
		4BBDFE87171D3DDE0083D4BC /* Gotham-Medium.otf in Resources */ = {isa = PBXBuildFile; fileRef = 4BBDFE7A171D3DDE0083D4BC /* Gotham-Medium.otf */; };
		4BBDFE88171D3DDE0083D4BC /* Gotham-Thin.otf in Resources */ = {isa = PBXBuildFile; fileRef = 4BBDFE7B171D3DDE0083D4BC /* Gotham-Thin.otf */; };
		4BBDFE89171D3DDE0083D4BC /* Gotham-Thin.otf in Resources */ = {isa = PBXBuildFile; fileRef = 4BBDFE7B171D3DDE0083D4BC /* Gotham-Thin.otf */; };
		4BBDFE8A171D3DDE0083D4BC /* Gotham-Ultra.otf in Resources */ = {isa = PBXBuildFile; fileRef = 4BBDFE7C171D3DDE0083D4BC /* Gotham-Ultra.otf */; };
		4BBDFE8B171D3DDE0083D4BC /* Gotham-Ultra.otf in Resources */ = {isa = PBXBuildFile; fileRef = 4BBDFE7C171D3DDE0083D4BC /* Gotham-Ultra.otf */; };
		4BBDFE8C171D3DDE0083D4BC /* Gotham-XLight.otf in Resources */ = {isa = PBXBuildFile; fileRef = 4BBDFE7D171D3DDE0083D4BC /* Gotham-XLight.otf */; };
		4BBDFE8D171D3DDE0083D4BC /* Gotham-XLight.otf in Resources */ = {isa = PBXBuildFile; fileRef = 4BBDFE7D171D3DDE0083D4BC /* Gotham-XLight.otf */; };
		4BBDFE92171D41F40083D4BC /* reveal_menu_icon_portrait.png in Resources */ = {isa = PBXBuildFile; fileRef = 4BBDFE90171D41F40083D4BC /* reveal_menu_icon_portrait.png */; };
		4BBDFE93171D41F40083D4BC /* reveal_menu_icon_portrait.png in Resources */ = {isa = PBXBuildFile; fileRef = 4BBDFE90171D41F40083D4BC /* reveal_menu_icon_portrait.png */; };
		4BBDFE94171D41F40083D4BC /* reveal_menu_icon_portrait@2x.png in Resources */ = {isa = PBXBuildFile; fileRef = 4BBDFE91171D41F40083D4BC /* reveal_menu_icon_portrait@2x.png */; };
		4BBDFE95171D41F40083D4BC /* reveal_menu_icon_portrait@2x.png in Resources */ = {isa = PBXBuildFile; fileRef = 4BBDFE91171D41F40083D4BC /* reveal_menu_icon_portrait@2x.png */; };
		4BBDFE98171D427D0083D4BC /* reveal_menu_icon_landscape.png in Resources */ = {isa = PBXBuildFile; fileRef = 4BBDFE96171D427D0083D4BC /* reveal_menu_icon_landscape.png */; };
		4BBDFE99171D427D0083D4BC /* reveal_menu_icon_landscape.png in Resources */ = {isa = PBXBuildFile; fileRef = 4BBDFE96171D427D0083D4BC /* reveal_menu_icon_landscape.png */; };
		4BBDFE9A171D427D0083D4BC /* reveal_menu_icon_landscape@2x.png in Resources */ = {isa = PBXBuildFile; fileRef = 4BBDFE97171D427D0083D4BC /* reveal_menu_icon_landscape@2x.png */; };
		4BBDFE9B171D427D0083D4BC /* reveal_menu_icon_landscape@2x.png in Resources */ = {isa = PBXBuildFile; fileRef = 4BBDFE97171D427D0083D4BC /* reveal_menu_icon_landscape@2x.png */; };
		4BBEDA28171D4AD30016B00D /* BMWDayTableViewController.m in Sources */ = {isa = PBXBuildFile; fileRef = 4BBEDA27171D4AD30016B00D /* BMWDayTableViewController.m */; };
		4BBEDA29171D4AD30016B00D /* BMWDayTableViewController.m in Sources */ = {isa = PBXBuildFile; fileRef = 4BBEDA27171D4AD30016B00D /* BMWDayTableViewController.m */; };
		4BBEDA2C171D4EC90016B00D /* BMWSlidingCell.m in Sources */ = {isa = PBXBuildFile; fileRef = 4BBEDA2B171D4EC90016B00D /* BMWSlidingCell.m */; };
		4BBEDA2D171D4EC90016B00D /* BMWSlidingCell.m in Sources */ = {isa = PBXBuildFile; fileRef = 4BBEDA2B171D4EC90016B00D /* BMWSlidingCell.m */; };
		4BBEF1BE16D1BE8D0080F6E5 /* CoreData.framework in Frameworks */ = {isa = PBXBuildFile; fileRef = 4BBEF1BD16D1BE8D0080F6E5 /* CoreData.framework */; };
		4BE0B9DC1727A15F00A2FFD8 /* Icon-72.png in Resources */ = {isa = PBXBuildFile; fileRef = 4BE0B9D21727A15F00A2FFD8 /* Icon-72.png */; };
		4BE0B9DD1727A15F00A2FFD8 /* Icon-72@2x.png in Resources */ = {isa = PBXBuildFile; fileRef = 4BE0B9D31727A15F00A2FFD8 /* Icon-72@2x.png */; };
		4BE0B9DE1727A15F00A2FFD8 /* Icon-Small-50.png in Resources */ = {isa = PBXBuildFile; fileRef = 4BE0B9D41727A15F00A2FFD8 /* Icon-Small-50.png */; };
		4BE0B9DF1727A15F00A2FFD8 /* Icon-Small-50@2x.png in Resources */ = {isa = PBXBuildFile; fileRef = 4BE0B9D51727A15F00A2FFD8 /* Icon-Small-50@2x.png */; };
		4BE0B9E01727A15F00A2FFD8 /* Icon-Small.png in Resources */ = {isa = PBXBuildFile; fileRef = 4BE0B9D61727A15F00A2FFD8 /* Icon-Small.png */; };
		4BE0B9E11727A15F00A2FFD8 /* Icon-Small@2x.png in Resources */ = {isa = PBXBuildFile; fileRef = 4BE0B9D71727A15F00A2FFD8 /* Icon-Small@2x.png */; };
		4BE0B9E21727A15F00A2FFD8 /* Icon.png in Resources */ = {isa = PBXBuildFile; fileRef = 4BE0B9D81727A15F00A2FFD8 /* Icon.png */; };
		4BE0B9E31727A15F00A2FFD8 /* Icon@2x.png in Resources */ = {isa = PBXBuildFile; fileRef = 4BE0B9D91727A15F00A2FFD8 /* Icon@2x.png */; };
		4BE0B9E41727A15F00A2FFD8 /* iTunesArtwork.png in Resources */ = {isa = PBXBuildFile; fileRef = 4BE0B9DA1727A15F00A2FFD8 /* iTunesArtwork.png */; };
		4BE0B9E51727A15F00A2FFD8 /* iTunesArtwork@2x.png in Resources */ = {isa = PBXBuildFile; fileRef = 4BE0B9DB1727A15F00A2FFD8 /* iTunesArtwork@2x.png */; };
		4BE0B9EE1727A6A400A2FFD8 /* Default-568h@2x.png in Resources */ = {isa = PBXBuildFile; fileRef = 4BE0B9EB1727A6A400A2FFD8 /* Default-568h@2x.png */; };
		4BE0B9EF1727A6A400A2FFD8 /* Default.png in Resources */ = {isa = PBXBuildFile; fileRef = 4BE0B9EC1727A6A400A2FFD8 /* Default.png */; };
		4BE0B9F01727A6A400A2FFD8 /* Default@2x.png in Resources */ = {isa = PBXBuildFile; fileRef = 4BE0B9ED1727A6A400A2FFD8 /* Default@2x.png */; };
		4BE0B9F31727A9AE00A2FFD8 /* BMWCalendarAccess.m in Sources */ = {isa = PBXBuildFile; fileRef = 4BE0B9F21727A9AE00A2FFD8 /* BMWCalendarAccess.m */; };
		4BE0B9F41727A9AE00A2FFD8 /* BMWCalendarAccess.m in Sources */ = {isa = PBXBuildFile; fileRef = 4BE0B9F21727A9AE00A2FFD8 /* BMWCalendarAccess.m */; };
		4BE0B9F61727AA2900A2FFD8 /* EventKit.framework in Frameworks */ = {isa = PBXBuildFile; fileRef = 4BE0B9F51727AA2900A2FFD8 /* EventKit.framework */; };
		4BE26268171D382E004F742F /* BMWAppearances.m in Sources */ = {isa = PBXBuildFile; fileRef = 4BE26267171D382E004F742F /* BMWAppearances.m */; };
		4BE26269171D382E004F742F /* BMWAppearances.m in Sources */ = {isa = PBXBuildFile; fileRef = 4BE26267171D382E004F742F /* BMWAppearances.m */; };
		4BF95F6116F518C60058F182 /* CoreTelephony.framework in Frameworks */ = {isa = PBXBuildFile; fileRef = 4BF95F6016F518C60058F182 /* CoreTelephony.framework */; };
		4BF95F6316F518CB0058F182 /* libz.dylib in Frameworks */ = {isa = PBXBuildFile; fileRef = 4BF95F6216F518CB0058F182 /* libz.dylib */; };
		4BFB654616F660A5009E199D /* libGoogleAnalytics.a in Frameworks */ = {isa = PBXBuildFile; fileRef = 4BFB654516F660A5009E199D /* libGoogleAnalytics.a */; };
		4BFB654716F660A5009E199D /* libGoogleAnalytics.a in Frameworks */ = {isa = PBXBuildFile; fileRef = 4BFB654516F660A5009E199D /* libGoogleAnalytics.a */; };
/* End PBXBuildFile section */

/* Begin PBXContainerItemProxy section */
		4B77FE3116C6F2AF00426018 /* PBXContainerItemProxy */ = {
			isa = PBXContainerItemProxy;
			containerPortal = 4B77FDFC16C6F2AF00426018 /* Project object */;
			proxyType = 1;
			remoteGlobalIDString = 4B77FE0416C6F2AF00426018;
			remoteInfo = Merkel;
		};
/* End PBXContainerItemProxy section */

/* Begin PBXFileReference section */
		299F765672A2407E8FF33FE1 /* Pods.xcconfig */ = {isa = PBXFileReference; includeInIndex = 1; lastKnownFileType = text.xcconfig; name = Pods.xcconfig; path = Pods/Pods.xcconfig; sourceTree = SOURCE_ROOT; };
		2B1504441723494500957F8A /* BMWDayDetailViewController.h */ = {isa = PBXFileReference; fileEncoding = 4; lastKnownFileType = sourcecode.c.h; path = BMWDayDetailViewController.h; sourceTree = "<group>"; };
		2B1504451723494500957F8A /* BMWDayDetailViewController.m */ = {isa = PBXFileReference; fileEncoding = 4; lastKnownFileType = sourcecode.c.objc; path = BMWDayDetailViewController.m; sourceTree = "<group>"; };
		2B1A359E16D1B67D00A3B339 /* ImageIO.framework */ = {isa = PBXFileReference; lastKnownFileType = wrapper.framework; name = ImageIO.framework; path = System/Library/Frameworks/ImageIO.framework; sourceTree = SDKROOT; };
		2B1A35A016D1B68400A3B339 /* ExternalAccessory.framework */ = {isa = PBXFileReference; lastKnownFileType = wrapper.framework; name = ExternalAccessory.framework; path = System/Library/Frameworks/ExternalAccessory.framework; sourceTree = SDKROOT; };
		2B4ACF871727A5260011E557 /* BMWAddressBookViewController.h */ = {isa = PBXFileReference; fileEncoding = 4; lastKnownFileType = sourcecode.c.h; path = BMWAddressBookViewController.h; sourceTree = "<group>"; };
		2B4ACF881727A5260011E557 /* BMWAddressBookViewController.m */ = {isa = PBXFileReference; fileEncoding = 4; lastKnownFileType = sourcecode.c.objc; path = BMWAddressBookViewController.m; sourceTree = "<group>"; };
		2B4ACF8A1727A5F80011E557 /* AddressBook.framework */ = {isa = PBXFileReference; lastKnownFileType = wrapper.framework; name = AddressBook.framework; path = System/Library/Frameworks/AddressBook.framework; sourceTree = SDKROOT; };
		2B4ACF8B1727A5F80011E557 /* AddressBookUI.framework */ = {isa = PBXFileReference; lastKnownFileType = wrapper.framework; name = AddressBookUI.framework; path = System/Library/Frameworks/AddressBookUI.framework; sourceTree = SDKROOT; };
		2BB666A6171D3DB10006397B /* BMWSlidingCellDelegate.h */ = {isa = PBXFileReference; lastKnownFileType = sourcecode.c.h; path = BMWSlidingCellDelegate.h; sourceTree = "<group>"; };
		2BD4CB70172DF1C100687647 /* BMWAttendeeTableViewController.h */ = {isa = PBXFileReference; fileEncoding = 4; lastKnownFileType = sourcecode.c.h; path = BMWAttendeeTableViewController.h; sourceTree = "<group>"; };
		2BD4CB71172DF1C100687647 /* BMWAttendeeTableViewController.m */ = {isa = PBXFileReference; fileEncoding = 4; lastKnownFileType = sourcecode.c.objc; path = BMWAttendeeTableViewController.m; sourceTree = "<group>"; };
		4B2E69C2173A5E4300889482 /* BMWLoginViewController.h */ = {isa = PBXFileReference; fileEncoding = 4; lastKnownFileType = sourcecode.c.h; path = BMWLoginViewController.h; sourceTree = "<group>"; };
		4B2E69C3173A5E4300889482 /* BMWLoginViewController.m */ = {isa = PBXFileReference; fileEncoding = 4; lastKnownFileType = sourcecode.c.objc; path = BMWLoginViewController.m; sourceTree = "<group>"; };
		4B319AB316ED333000F888FC /* iconFlag.png */ = {isa = PBXFileReference; lastKnownFileType = image.png; path = iconFlag.png; sourceTree = "<group>"; };
		4B319AB416ED333000F888FC /* iconMan.png */ = {isa = PBXFileReference; lastKnownFileType = image.png; path = iconMan.png; sourceTree = "<group>"; };
		4B319AB516ED333000F888FC /* iconNote.png */ = {isa = PBXFileReference; lastKnownFileType = image.png; path = iconNote.png; sourceTree = "<group>"; };
		4B37025017233CAD00ACAAED /* libTwilioClient.a */ = {isa = PBXFileReference; lastKnownFileType = archive.ar; name = libTwilioClient.a; path = Frameworks/Twilio/libTwilioClient.a; sourceTree = "<group>"; };
		4B37025117233CAD00ACAAED /* TCConnection.h */ = {isa = PBXFileReference; fileEncoding = 4; lastKnownFileType = sourcecode.c.h; name = TCConnection.h; path = Frameworks/Twilio/TCConnection.h; sourceTree = "<group>"; };
		4B37025217233CAD00ACAAED /* TCConnectionDelegate.h */ = {isa = PBXFileReference; fileEncoding = 4; lastKnownFileType = sourcecode.c.h; name = TCConnectionDelegate.h; path = Frameworks/Twilio/TCConnectionDelegate.h; sourceTree = "<group>"; };
		4B37025317233CAD00ACAAED /* TCDevice.h */ = {isa = PBXFileReference; fileEncoding = 4; lastKnownFileType = sourcecode.c.h; name = TCDevice.h; path = Frameworks/Twilio/TCDevice.h; sourceTree = "<group>"; };
		4B37025417233CAD00ACAAED /* TCDeviceDelegate.h */ = {isa = PBXFileReference; fileEncoding = 4; lastKnownFileType = sourcecode.c.h; name = TCDeviceDelegate.h; path = Frameworks/Twilio/TCDeviceDelegate.h; sourceTree = "<group>"; };
		4B37025517233CAD00ACAAED /* TCPresenceEvent.h */ = {isa = PBXFileReference; fileEncoding = 4; lastKnownFileType = sourcecode.c.h; name = TCPresenceEvent.h; path = Frameworks/Twilio/TCPresenceEvent.h; sourceTree = "<group>"; };
		4B37025617233CAD00ACAAED /* TwilioClient.h */ = {isa = PBXFileReference; fileEncoding = 4; lastKnownFileType = sourcecode.c.h; name = TwilioClient.h; path = Frameworks/Twilio/TwilioClient.h; sourceTree = "<group>"; };
		4B37025A17233CC300ACAAED /* libcrypto.a */ = {isa = PBXFileReference; lastKnownFileType = archive.ar; name = libcrypto.a; path = Frameworks/libcrypto.a; sourceTree = "<group>"; };
		4B37025B17233CC300ACAAED /* libssl.a */ = {isa = PBXFileReference; lastKnownFileType = archive.ar; name = libssl.a; path = Frameworks/libssl.a; sourceTree = "<group>"; };
		4B37026017233D0000ACAAED /* AVFoundation.framework */ = {isa = PBXFileReference; lastKnownFileType = wrapper.framework; name = AVFoundation.framework; path = System/Library/Frameworks/AVFoundation.framework; sourceTree = SDKROOT; };
		4B37026217233E1B00ACAAED /* BMWPhone.h */ = {isa = PBXFileReference; fileEncoding = 4; lastKnownFileType = sourcecode.c.h; path = BMWPhone.h; sourceTree = "<group>"; };
		4B37026317233E1B00ACAAED /* BMWPhone.m */ = {isa = PBXFileReference; fileEncoding = 4; lastKnownFileType = sourcecode.c.objc; path = BMWPhone.m; sourceTree = "<group>"; };
		4B3702671723405F00ACAAED /* BMWAPIClient.h */ = {isa = PBXFileReference; fileEncoding = 4; lastKnownFileType = sourcecode.c.h; path = BMWAPIClient.h; sourceTree = "<group>"; };
		4B3702681723405F00ACAAED /* BMWAPIClient.m */ = {isa = PBXFileReference; fileEncoding = 4; lastKnownFileType = sourcecode.c.objc; path = BMWAPIClient.m; sourceTree = "<group>"; };
		4B47580517378150004434FD /* disconnect.wav */ = {isa = PBXFileReference; lastKnownFileType = audio.wav; name = disconnect.wav; path = Resources/Sounds/disconnect.wav; sourceTree = SOURCE_ROOT; };
		4B47580617378150004434FD /* dtmf_0.wav */ = {isa = PBXFileReference; lastKnownFileType = audio.wav; name = dtmf_0.wav; path = Resources/Sounds/dtmf_0.wav; sourceTree = SOURCE_ROOT; };
		4B47580717378150004434FD /* dtmf_1.wav */ = {isa = PBXFileReference; lastKnownFileType = audio.wav; name = dtmf_1.wav; path = Resources/Sounds/dtmf_1.wav; sourceTree = SOURCE_ROOT; };
		4B47580817378150004434FD /* dtmf_2.wav */ = {isa = PBXFileReference; lastKnownFileType = audio.wav; name = dtmf_2.wav; path = Resources/Sounds/dtmf_2.wav; sourceTree = SOURCE_ROOT; };
		4B47580917378150004434FD /* dtmf_3.wav */ = {isa = PBXFileReference; lastKnownFileType = audio.wav; name = dtmf_3.wav; path = Resources/Sounds/dtmf_3.wav; sourceTree = SOURCE_ROOT; };
		4B47580A17378150004434FD /* dtmf_4.wav */ = {isa = PBXFileReference; lastKnownFileType = audio.wav; name = dtmf_4.wav; path = Resources/Sounds/dtmf_4.wav; sourceTree = SOURCE_ROOT; };
		4B47580B17378150004434FD /* dtmf_5.wav */ = {isa = PBXFileReference; lastKnownFileType = audio.wav; name = dtmf_5.wav; path = Resources/Sounds/dtmf_5.wav; sourceTree = SOURCE_ROOT; };
		4B47580C17378150004434FD /* dtmf_6.wav */ = {isa = PBXFileReference; lastKnownFileType = audio.wav; name = dtmf_6.wav; path = Resources/Sounds/dtmf_6.wav; sourceTree = SOURCE_ROOT; };
		4B47580D17378150004434FD /* dtmf_7.wav */ = {isa = PBXFileReference; lastKnownFileType = audio.wav; name = dtmf_7.wav; path = Resources/Sounds/dtmf_7.wav; sourceTree = SOURCE_ROOT; };
		4B47580E17378150004434FD /* dtmf_8.wav */ = {isa = PBXFileReference; lastKnownFileType = audio.wav; name = dtmf_8.wav; path = Resources/Sounds/dtmf_8.wav; sourceTree = SOURCE_ROOT; };
		4B47580F17378150004434FD /* dtmf_9.wav */ = {isa = PBXFileReference; lastKnownFileType = audio.wav; name = dtmf_9.wav; path = Resources/Sounds/dtmf_9.wav; sourceTree = SOURCE_ROOT; };
		4B47581017378150004434FD /* dtmf_hash.wav */ = {isa = PBXFileReference; lastKnownFileType = audio.wav; name = dtmf_hash.wav; path = Resources/Sounds/dtmf_hash.wav; sourceTree = SOURCE_ROOT; };
		4B47581117378150004434FD /* dtmf_star.wav */ = {isa = PBXFileReference; lastKnownFileType = audio.wav; name = dtmf_star.wav; path = Resources/Sounds/dtmf_star.wav; sourceTree = SOURCE_ROOT; };
		4B47581217378150004434FD /* incoming.wav */ = {isa = PBXFileReference; lastKnownFileType = audio.wav; name = incoming.wav; path = Resources/Sounds/incoming.wav; sourceTree = SOURCE_ROOT; };
		4B47581317378150004434FD /* outgoing.wav */ = {isa = PBXFileReference; lastKnownFileType = audio.wav; name = outgoing.wav; path = Resources/Sounds/outgoing.wav; sourceTree = SOURCE_ROOT; };
		4B49EBEA17462D7D004E538C /* speaker-active.png */ = {isa = PBXFileReference; lastKnownFileType = image.png; name = "speaker-active.png"; path = "Resources/Images/speaker-active.png"; sourceTree = SOURCE_ROOT; };
		4B49EBEB17462D7D004E538C /* speaker-active@2x.png */ = {isa = PBXFileReference; lastKnownFileType = image.png; name = "speaker-active@2x.png"; path = "Resources/Images/speaker-active@2x.png"; sourceTree = SOURCE_ROOT; };
		4B49EBEC17462D7D004E538C /* speaker.png */ = {isa = PBXFileReference; lastKnownFileType = image.png; name = speaker.png; path = Resources/Images/speaker.png; sourceTree = SOURCE_ROOT; };
		4B49EBED17462D7D004E538C /* speaker@2x.png */ = {isa = PBXFileReference; lastKnownFileType = image.png; name = "speaker@2x.png"; path = "Resources/Images/speaker@2x.png"; sourceTree = SOURCE_ROOT; };
		4B49EBF217462E3E004E538C /* speaker-disabled.png */ = {isa = PBXFileReference; lastKnownFileType = image.png; name = "speaker-disabled.png"; path = "Resources/Images/speaker-disabled.png"; sourceTree = SOURCE_ROOT; };
		4B49EBF317462E3E004E538C /* speaker-disabled@2x.png */ = {isa = PBXFileReference; lastKnownFileType = image.png; name = "speaker-disabled@2x.png"; path = "Resources/Images/speaker-disabled@2x.png"; sourceTree = SOURCE_ROOT; };
		4B77FE0516C6F2AF00426018 /* Merkel.app */ = {isa = PBXFileReference; explicitFileType = wrapper.application; includeInIndex = 0; path = Merkel.app; sourceTree = BUILT_PRODUCTS_DIR; };
		4B77FE0916C6F2AF00426018 /* UIKit.framework */ = {isa = PBXFileReference; lastKnownFileType = wrapper.framework; name = UIKit.framework; path = System/Library/Frameworks/UIKit.framework; sourceTree = SDKROOT; };
		4B77FE0B16C6F2AF00426018 /* Foundation.framework */ = {isa = PBXFileReference; lastKnownFileType = wrapper.framework; name = Foundation.framework; path = System/Library/Frameworks/Foundation.framework; sourceTree = SDKROOT; };
		4B77FE0D16C6F2AF00426018 /* CoreGraphics.framework */ = {isa = PBXFileReference; lastKnownFileType = wrapper.framework; name = CoreGraphics.framework; path = System/Library/Frameworks/CoreGraphics.framework; sourceTree = SDKROOT; };
		4B77FE1116C6F2AF00426018 /* Merkel-Info.plist */ = {isa = PBXFileReference; lastKnownFileType = text.plist.xml; path = "Merkel-Info.plist"; sourceTree = "<group>"; };
		4B77FE1316C6F2AF00426018 /* en */ = {isa = PBXFileReference; lastKnownFileType = text.plist.strings; name = en; path = en.lproj/InfoPlist.strings; sourceTree = "<group>"; };
		4B77FE1516C6F2AF00426018 /* main.m */ = {isa = PBXFileReference; lastKnownFileType = sourcecode.c.objc; path = main.m; sourceTree = "<group>"; };
		4B77FE1716C6F2AF00426018 /* Merkel-Prefix.pch */ = {isa = PBXFileReference; lastKnownFileType = sourcecode.c.h; path = "Merkel-Prefix.pch"; sourceTree = "<group>"; };
		4B77FE1816C6F2AF00426018 /* BMWAppDelegate.h */ = {isa = PBXFileReference; lastKnownFileType = sourcecode.c.h; path = BMWAppDelegate.h; sourceTree = "<group>"; };
		4B77FE1916C6F2AF00426018 /* BMWAppDelegate.m */ = {isa = PBXFileReference; lastKnownFileType = sourcecode.c.objc; path = BMWAppDelegate.m; sourceTree = "<group>"; };
		4B77FE2216C6F2AF00426018 /* en */ = {isa = PBXFileReference; lastKnownFileType = file.storyboard; name = en; path = en.lproj/MainStoryboard.storyboard; sourceTree = "<group>"; };
		4B77FE2416C6F2AF00426018 /* BMWViewController.h */ = {isa = PBXFileReference; lastKnownFileType = sourcecode.c.h; path = BMWViewController.h; sourceTree = "<group>"; };
		4B77FE2516C6F2AF00426018 /* BMWViewController.m */ = {isa = PBXFileReference; lastKnownFileType = sourcecode.c.objc; path = BMWViewController.m; sourceTree = "<group>"; };
		4B77FE2C16C6F2AF00426018 /* MerkelTests.octest */ = {isa = PBXFileReference; explicitFileType = wrapper.cfbundle; includeInIndex = 0; path = MerkelTests.octest; sourceTree = BUILT_PRODUCTS_DIR; };
		4B77FE2D16C6F2AF00426018 /* SenTestingKit.framework */ = {isa = PBXFileReference; lastKnownFileType = wrapper.framework; name = SenTestingKit.framework; path = Library/Frameworks/SenTestingKit.framework; sourceTree = DEVELOPER_DIR; };
		4B77FE3516C6F2AF00426018 /* MerkelTests-Info.plist */ = {isa = PBXFileReference; lastKnownFileType = text.plist.xml; path = "MerkelTests-Info.plist"; sourceTree = "<group>"; };
		4B77FE3716C6F2AF00426018 /* en */ = {isa = PBXFileReference; lastKnownFileType = text.plist.strings; name = en; path = en.lproj/InfoPlist.strings; sourceTree = "<group>"; };
		4B77FE3916C6F2AF00426018 /* MerkelTests.h */ = {isa = PBXFileReference; lastKnownFileType = sourcecode.c.h; path = MerkelTests.h; sourceTree = "<group>"; };
		4B77FE3A16C6F2AF00426018 /* MerkelTests.m */ = {isa = PBXFileReference; lastKnownFileType = sourcecode.c.objc; path = MerkelTests.m; sourceTree = "<group>"; };
		4B7A855A17461E0D002DEFBC /* back-arrow.png */ = {isa = PBXFileReference; lastKnownFileType = image.png; name = "back-arrow.png"; path = "Resources/Images/back-arrow.png"; sourceTree = SOURCE_ROOT; };
		4B7A855B17461E0D002DEFBC /* back-arrow@2x.png */ = {isa = PBXFileReference; lastKnownFileType = image.png; name = "back-arrow@2x.png"; path = "Resources/Images/back-arrow@2x.png"; sourceTree = SOURCE_ROOT; };
		4B8B324D174B18880046DE41 /* BMWAnalytics.h */ = {isa = PBXFileReference; fileEncoding = 4; lastKnownFileType = sourcecode.c.h; path = BMWAnalytics.h; sourceTree = "<group>"; };
		4B8B324E174B18880046DE41 /* BMWAnalytics.m */ = {isa = PBXFileReference; fileEncoding = 4; lastKnownFileType = sourcecode.c.objc; path = BMWAnalytics.m; sourceTree = "<group>"; };
		4BA3382C16D1942700A2CD24 /* Parse.framework */ = {isa = PBXFileReference; lastKnownFileType = wrapper.framework; path = Parse.framework; sourceTree = "<group>"; };
		4BA3382F16D1944C00A2CD24 /* AudioToolbox.framework */ = {isa = PBXFileReference; lastKnownFileType = wrapper.framework; name = AudioToolbox.framework; path = System/Library/Frameworks/AudioToolbox.framework; sourceTree = SDKROOT; };
		4BA3383116D1945100A2CD24 /* Accounts.framework */ = {isa = PBXFileReference; lastKnownFileType = wrapper.framework; name = Accounts.framework; path = System/Library/Frameworks/Accounts.framework; sourceTree = SDKROOT; };
		4BA3383316D1945600A2CD24 /* AdSupport.framework */ = {isa = PBXFileReference; lastKnownFileType = wrapper.framework; name = AdSupport.framework; path = System/Library/Frameworks/AdSupport.framework; sourceTree = SDKROOT; };
		4BA3383516D1945B00A2CD24 /* CFNetwork.framework */ = {isa = PBXFileReference; lastKnownFileType = wrapper.framework; name = CFNetwork.framework; path = System/Library/Frameworks/CFNetwork.framework; sourceTree = SDKROOT; };
		4BA3383716D1946100A2CD24 /* CoreLocation.framework */ = {isa = PBXFileReference; lastKnownFileType = wrapper.framework; name = CoreLocation.framework; path = System/Library/Frameworks/CoreLocation.framework; sourceTree = SDKROOT; };
		4BA3383916D1946900A2CD24 /* libsqlite3.dylib */ = {isa = PBXFileReference; lastKnownFileType = "compiled.mach-o.dylib"; name = libsqlite3.dylib; path = usr/lib/libsqlite3.dylib; sourceTree = SDKROOT; };
		4BA3383B16D1946F00A2CD24 /* libz.1.1.3.dylib */ = {isa = PBXFileReference; lastKnownFileType = "compiled.mach-o.dylib"; name = libz.1.1.3.dylib; path = usr/lib/libz.1.1.3.dylib; sourceTree = SDKROOT; };
		4BA3383D16D1947400A2CD24 /* MobileCoreServices.framework */ = {isa = PBXFileReference; lastKnownFileType = wrapper.framework; name = MobileCoreServices.framework; path = System/Library/Frameworks/MobileCoreServices.framework; sourceTree = SDKROOT; };
		4BA3383F16D1947C00A2CD24 /* QuartzCore.framework */ = {isa = PBXFileReference; lastKnownFileType = wrapper.framework; name = QuartzCore.framework; path = System/Library/Frameworks/QuartzCore.framework; sourceTree = SDKROOT; };
		4BA3384116D1948300A2CD24 /* Security.framework */ = {isa = PBXFileReference; lastKnownFileType = wrapper.framework; name = Security.framework; path = System/Library/Frameworks/Security.framework; sourceTree = SDKROOT; };
		4BA3384316D1948700A2CD24 /* Social.framework */ = {isa = PBXFileReference; lastKnownFileType = wrapper.framework; name = Social.framework; path = System/Library/Frameworks/Social.framework; sourceTree = SDKROOT; };
		4BA3384516D1948D00A2CD24 /* StoreKit.framework */ = {isa = PBXFileReference; lastKnownFileType = wrapper.framework; name = StoreKit.framework; path = System/Library/Frameworks/StoreKit.framework; sourceTree = SDKROOT; };
		4BA3384716D1949200A2CD24 /* SystemConfiguration.framework */ = {isa = PBXFileReference; lastKnownFileType = wrapper.framework; name = SystemConfiguration.framework; path = System/Library/Frameworks/SystemConfiguration.framework; sourceTree = SDKROOT; };
		4BACDD0C173D0E9100150192 /* BMWTimeIndicatorView.h */ = {isa = PBXFileReference; fileEncoding = 4; lastKnownFileType = sourcecode.c.h; path = BMWTimeIndicatorView.h; sourceTree = "<group>"; };
		4BACDD0D173D0E9100150192 /* BMWTimeIndicatorView.m */ = {isa = PBXFileReference; fileEncoding = 4; lastKnownFileType = sourcecode.c.objc; path = BMWTimeIndicatorView.m; sourceTree = "<group>"; };
		4BACDD0F173D6CE100150192 /* MessageUI.framework */ = {isa = PBXFileReference; lastKnownFileType = wrapper.framework; name = MessageUI.framework; path = System/Library/Frameworks/MessageUI.framework; sourceTree = SDKROOT; };
		4BB5E0CD173CA7CB00AD7B77 /* QBFlatButton.h */ = {isa = PBXFileReference; fileEncoding = 4; lastKnownFileType = sourcecode.c.h; path = QBFlatButton.h; sourceTree = "<group>"; };
		4BB5E0CE173CA7CB00AD7B77 /* QBFlatButton.m */ = {isa = PBXFileReference; fileEncoding = 4; lastKnownFileType = sourcecode.c.objc; path = QBFlatButton.m; sourceTree = "<group>"; };
		4BB5E0D0173CC2B300AD7B77 /* NSString+Validator.h */ = {isa = PBXFileReference; fileEncoding = 4; lastKnownFileType = sourcecode.c.h; path = "NSString+Validator.h"; sourceTree = "<group>"; };
		4BB5E0D1173CC2B300AD7B77 /* NSString+Validator.m */ = {isa = PBXFileReference; fileEncoding = 4; lastKnownFileType = sourcecode.c.objc; path = "NSString+Validator.m"; sourceTree = "<group>"; };
		4BBDFE6E171D39810083D4BC /* UIColor+BMW.h */ = {isa = PBXFileReference; fileEncoding = 4; lastKnownFileType = sourcecode.c.h; path = "UIColor+BMW.h"; sourceTree = "<group>"; };
		4BBDFE6F171D39810083D4BC /* UIColor+BMW.m */ = {isa = PBXFileReference; fileEncoding = 4; lastKnownFileType = sourcecode.c.objc; path = "UIColor+BMW.m"; sourceTree = "<group>"; };
		4BBDFE72171D3D840083D4BC /* UIFont+BMW.h */ = {isa = PBXFileReference; fileEncoding = 4; lastKnownFileType = sourcecode.c.h; path = "UIFont+BMW.h"; sourceTree = "<group>"; };
		4BBDFE73171D3D840083D4BC /* UIFont+BMW.m */ = {isa = PBXFileReference; fileEncoding = 4; lastKnownFileType = sourcecode.c.objc; path = "UIFont+BMW.m"; sourceTree = "<group>"; };
		4BBDFE76171D3DDE0083D4BC /* Gotham-Black.otf */ = {isa = PBXFileReference; lastKnownFileType = file; path = "Gotham-Black.otf"; sourceTree = "<group>"; };
		4BBDFE77171D3DDE0083D4BC /* Gotham-Bold.otf */ = {isa = PBXFileReference; lastKnownFileType = file; path = "Gotham-Bold.otf"; sourceTree = "<group>"; };
		4BBDFE78171D3DDE0083D4BC /* Gotham-Book.otf */ = {isa = PBXFileReference; lastKnownFileType = file; path = "Gotham-Book.otf"; sourceTree = "<group>"; };
		4BBDFE79171D3DDE0083D4BC /* Gotham-Light.otf */ = {isa = PBXFileReference; lastKnownFileType = file; path = "Gotham-Light.otf"; sourceTree = "<group>"; };
		4BBDFE7A171D3DDE0083D4BC /* Gotham-Medium.otf */ = {isa = PBXFileReference; lastKnownFileType = file; path = "Gotham-Medium.otf"; sourceTree = "<group>"; };
		4BBDFE7B171D3DDE0083D4BC /* Gotham-Thin.otf */ = {isa = PBXFileReference; lastKnownFileType = file; path = "Gotham-Thin.otf"; sourceTree = "<group>"; };
		4BBDFE7C171D3DDE0083D4BC /* Gotham-Ultra.otf */ = {isa = PBXFileReference; lastKnownFileType = file; path = "Gotham-Ultra.otf"; sourceTree = "<group>"; };
		4BBDFE7D171D3DDE0083D4BC /* Gotham-XLight.otf */ = {isa = PBXFileReference; lastKnownFileType = file; path = "Gotham-XLight.otf"; sourceTree = "<group>"; };
		4BBDFE90171D41F40083D4BC /* reveal_menu_icon_portrait.png */ = {isa = PBXFileReference; lastKnownFileType = image.png; path = reveal_menu_icon_portrait.png; sourceTree = "<group>"; };
		4BBDFE91171D41F40083D4BC /* reveal_menu_icon_portrait@2x.png */ = {isa = PBXFileReference; lastKnownFileType = image.png; path = "reveal_menu_icon_portrait@2x.png"; sourceTree = "<group>"; };
		4BBDFE96171D427D0083D4BC /* reveal_menu_icon_landscape.png */ = {isa = PBXFileReference; lastKnownFileType = image.png; path = reveal_menu_icon_landscape.png; sourceTree = "<group>"; };
		4BBDFE97171D427D0083D4BC /* reveal_menu_icon_landscape@2x.png */ = {isa = PBXFileReference; lastKnownFileType = image.png; path = "reveal_menu_icon_landscape@2x.png"; sourceTree = "<group>"; };
		4BBEDA26171D4AD30016B00D /* BMWDayTableViewController.h */ = {isa = PBXFileReference; fileEncoding = 4; lastKnownFileType = sourcecode.c.h; path = BMWDayTableViewController.h; sourceTree = "<group>"; };
		4BBEDA27171D4AD30016B00D /* BMWDayTableViewController.m */ = {isa = PBXFileReference; fileEncoding = 4; lastKnownFileType = sourcecode.c.objc; path = BMWDayTableViewController.m; sourceTree = "<group>"; };
		4BBEDA2A171D4EC90016B00D /* BMWSlidingCell.h */ = {isa = PBXFileReference; fileEncoding = 4; lastKnownFileType = sourcecode.c.h; path = BMWSlidingCell.h; sourceTree = "<group>"; };
		4BBEDA2B171D4EC90016B00D /* BMWSlidingCell.m */ = {isa = PBXFileReference; fileEncoding = 4; lastKnownFileType = sourcecode.c.objc; path = BMWSlidingCell.m; sourceTree = "<group>"; };
		4BBEF1BD16D1BE8D0080F6E5 /* CoreData.framework */ = {isa = PBXFileReference; lastKnownFileType = wrapper.framework; name = CoreData.framework; path = System/Library/Frameworks/CoreData.framework; sourceTree = SDKROOT; };
		4BE0B9D21727A15F00A2FFD8 /* Icon-72.png */ = {isa = PBXFileReference; lastKnownFileType = image.png; name = "Icon-72.png"; path = "Resources/Images/AppIcons/Icon-72.png"; sourceTree = SOURCE_ROOT; };
		4BE0B9D31727A15F00A2FFD8 /* Icon-72@2x.png */ = {isa = PBXFileReference; lastKnownFileType = image.png; name = "Icon-72@2x.png"; path = "Resources/Images/AppIcons/Icon-72@2x.png"; sourceTree = SOURCE_ROOT; };
		4BE0B9D41727A15F00A2FFD8 /* Icon-Small-50.png */ = {isa = PBXFileReference; lastKnownFileType = image.png; name = "Icon-Small-50.png"; path = "Resources/Images/AppIcons/Icon-Small-50.png"; sourceTree = SOURCE_ROOT; };
		4BE0B9D51727A15F00A2FFD8 /* Icon-Small-50@2x.png */ = {isa = PBXFileReference; lastKnownFileType = image.png; name = "Icon-Small-50@2x.png"; path = "Resources/Images/AppIcons/Icon-Small-50@2x.png"; sourceTree = SOURCE_ROOT; };
		4BE0B9D61727A15F00A2FFD8 /* Icon-Small.png */ = {isa = PBXFileReference; lastKnownFileType = image.png; name = "Icon-Small.png"; path = "Resources/Images/AppIcons/Icon-Small.png"; sourceTree = SOURCE_ROOT; };
		4BE0B9D71727A15F00A2FFD8 /* Icon-Small@2x.png */ = {isa = PBXFileReference; lastKnownFileType = image.png; name = "Icon-Small@2x.png"; path = "Resources/Images/AppIcons/Icon-Small@2x.png"; sourceTree = SOURCE_ROOT; };
		4BE0B9D81727A15F00A2FFD8 /* Icon.png */ = {isa = PBXFileReference; lastKnownFileType = image.png; name = Icon.png; path = Resources/Images/AppIcons/Icon.png; sourceTree = SOURCE_ROOT; };
		4BE0B9D91727A15F00A2FFD8 /* Icon@2x.png */ = {isa = PBXFileReference; lastKnownFileType = image.png; name = "Icon@2x.png"; path = "Resources/Images/AppIcons/Icon@2x.png"; sourceTree = SOURCE_ROOT; };
		4BE0B9DA1727A15F00A2FFD8 /* iTunesArtwork.png */ = {isa = PBXFileReference; lastKnownFileType = image.png; name = iTunesArtwork.png; path = Resources/Images/AppIcons/iTunesArtwork.png; sourceTree = SOURCE_ROOT; };
		4BE0B9DB1727A15F00A2FFD8 /* iTunesArtwork@2x.png */ = {isa = PBXFileReference; lastKnownFileType = image.png; name = "iTunesArtwork@2x.png"; path = "Resources/Images/AppIcons/iTunesArtwork@2x.png"; sourceTree = SOURCE_ROOT; };
		4BE0B9EB1727A6A400A2FFD8 /* Default-568h@2x.png */ = {isa = PBXFileReference; lastKnownFileType = image.png; name = "Default-568h@2x.png"; path = "Resources/Images/AppIcons/Default-568h@2x.png"; sourceTree = SOURCE_ROOT; };
		4BE0B9EC1727A6A400A2FFD8 /* Default.png */ = {isa = PBXFileReference; lastKnownFileType = image.png; name = Default.png; path = Resources/Images/AppIcons/Default.png; sourceTree = SOURCE_ROOT; };
		4BE0B9ED1727A6A400A2FFD8 /* Default@2x.png */ = {isa = PBXFileReference; lastKnownFileType = image.png; name = "Default@2x.png"; path = "Resources/Images/AppIcons/Default@2x.png"; sourceTree = SOURCE_ROOT; };
		4BE0B9F11727A9AE00A2FFD8 /* BMWCalendarAccess.h */ = {isa = PBXFileReference; fileEncoding = 4; lastKnownFileType = sourcecode.c.h; path = BMWCalendarAccess.h; sourceTree = "<group>"; };
		4BE0B9F21727A9AE00A2FFD8 /* BMWCalendarAccess.m */ = {isa = PBXFileReference; fileEncoding = 4; lastKnownFileType = sourcecode.c.objc; path = BMWCalendarAccess.m; sourceTree = "<group>"; };
		4BE0B9F51727AA2900A2FFD8 /* EventKit.framework */ = {isa = PBXFileReference; lastKnownFileType = wrapper.framework; name = EventKit.framework; path = System/Library/Frameworks/EventKit.framework; sourceTree = SDKROOT; };
		4BE26266171D382E004F742F /* BMWAppearances.h */ = {isa = PBXFileReference; fileEncoding = 4; lastKnownFileType = sourcecode.c.h; path = BMWAppearances.h; sourceTree = "<group>"; };
		4BE26267171D382E004F742F /* BMWAppearances.m */ = {isa = PBXFileReference; fileEncoding = 4; lastKnownFileType = sourcecode.c.objc; path = BMWAppearances.m; sourceTree = "<group>"; };
		4BF95F6016F518C60058F182 /* CoreTelephony.framework */ = {isa = PBXFileReference; lastKnownFileType = wrapper.framework; name = CoreTelephony.framework; path = System/Library/Frameworks/CoreTelephony.framework; sourceTree = SDKROOT; };
		4BF95F6216F518CB0058F182 /* libz.dylib */ = {isa = PBXFileReference; lastKnownFileType = "compiled.mach-o.dylib"; name = libz.dylib; path = usr/lib/libz.dylib; sourceTree = SDKROOT; };
		4BFB654016F660A5009E199D /* GAI.h */ = {isa = PBXFileReference; fileEncoding = 4; lastKnownFileType = sourcecode.c.h; name = GAI.h; path = Frameworks/GoogleAnalytics/GAI.h; sourceTree = "<group>"; };
		4BFB654116F660A5009E199D /* GAITrackedViewController.h */ = {isa = PBXFileReference; fileEncoding = 4; lastKnownFileType = sourcecode.c.h; name = GAITrackedViewController.h; path = Frameworks/GoogleAnalytics/GAITrackedViewController.h; sourceTree = "<group>"; };
		4BFB654216F660A5009E199D /* GAITracker.h */ = {isa = PBXFileReference; fileEncoding = 4; lastKnownFileType = sourcecode.c.h; name = GAITracker.h; path = Frameworks/GoogleAnalytics/GAITracker.h; sourceTree = "<group>"; };
		4BFB654316F660A5009E199D /* GAITransaction.h */ = {isa = PBXFileReference; fileEncoding = 4; lastKnownFileType = sourcecode.c.h; name = GAITransaction.h; path = Frameworks/GoogleAnalytics/GAITransaction.h; sourceTree = "<group>"; };
		4BFB654416F660A5009E199D /* GAITransactionItem.h */ = {isa = PBXFileReference; fileEncoding = 4; lastKnownFileType = sourcecode.c.h; name = GAITransactionItem.h; path = Frameworks/GoogleAnalytics/GAITransactionItem.h; sourceTree = "<group>"; };
		4BFB654516F660A5009E199D /* libGoogleAnalytics.a */ = {isa = PBXFileReference; lastKnownFileType = archive.ar; name = libGoogleAnalytics.a; path = Frameworks/GoogleAnalytics/libGoogleAnalytics.a; sourceTree = "<group>"; };
		8CF2515D55FF42B095C2BE58 /* libPods.a */ = {isa = PBXFileReference; explicitFileType = archive.ar; includeInIndex = 0; path = libPods.a; sourceTree = BUILT_PRODUCTS_DIR; };
/* End PBXFileReference section */

/* Begin PBXFrameworksBuildPhase section */
		4B77FE0216C6F2AF00426018 /* Frameworks */ = {
			isa = PBXFrameworksBuildPhase;
			buildActionMask = 2147483647;
			files = (
				4BACDD10173D6CE100150192 /* MessageUI.framework in Frameworks */,
				4BA3383E16D1947400A2CD24 /* MobileCoreServices.framework in Frameworks */,
				4BA3384816D1949200A2CD24 /* SystemConfiguration.framework in Frameworks */,
				2B4ACF8C1727A5F80011E557 /* AddressBook.framework in Frameworks */,
				2B4ACF8D1727A5F80011E557 /* AddressBookUI.framework in Frameworks */,
				4BE0B9F61727AA2900A2FFD8 /* EventKit.framework in Frameworks */,
				4B37026117233D0000ACAAED /* AVFoundation.framework in Frameworks */,
				4BA3383616D1945B00A2CD24 /* CFNetwork.framework in Frameworks */,
				4BA3383016D1944C00A2CD24 /* AudioToolbox.framework in Frameworks */,
				4BF95F6316F518CB0058F182 /* libz.dylib in Frameworks */,
				4BF95F6116F518C60058F182 /* CoreTelephony.framework in Frameworks */,
				4BBEF1BE16D1BE8D0080F6E5 /* CoreData.framework in Frameworks */,
				2B1A35A116D1B68400A3B339 /* ExternalAccessory.framework in Frameworks */,
				2B1A359F16D1B67D00A3B339 /* ImageIO.framework in Frameworks */,
				4BA3384616D1948D00A2CD24 /* StoreKit.framework in Frameworks */,
				4BA3384416D1948700A2CD24 /* Social.framework in Frameworks */,
				4BA3384216D1948300A2CD24 /* Security.framework in Frameworks */,
				4BA3384016D1947C00A2CD24 /* QuartzCore.framework in Frameworks */,
				4BA3383C16D1946F00A2CD24 /* libz.1.1.3.dylib in Frameworks */,
				4BA3383A16D1946900A2CD24 /* libsqlite3.dylib in Frameworks */,
				4BA3383816D1946100A2CD24 /* CoreLocation.framework in Frameworks */,
				4BA3383416D1945600A2CD24 /* AdSupport.framework in Frameworks */,
				4BA3383216D1945100A2CD24 /* Accounts.framework in Frameworks */,
				4B77FE0A16C6F2AF00426018 /* UIKit.framework in Frameworks */,
				4B77FE0C16C6F2AF00426018 /* Foundation.framework in Frameworks */,
				4B77FE0E16C6F2AF00426018 /* CoreGraphics.framework in Frameworks */,
				4AC90CFD98BE42DCB9F4514D /* libPods.a in Frameworks */,
				4BA3382D16D1942700A2CD24 /* Parse.framework in Frameworks */,
				4BFB654616F660A5009E199D /* libGoogleAnalytics.a in Frameworks */,
				4B37025717233CAD00ACAAED /* libTwilioClient.a in Frameworks */,
				4B37025C17233CC300ACAAED /* libcrypto.a in Frameworks */,
				4B37025E17233CC300ACAAED /* libssl.a in Frameworks */,
			);
			runOnlyForDeploymentPostprocessing = 0;
		};
		4B77FE2816C6F2AF00426018 /* Frameworks */ = {
			isa = PBXFrameworksBuildPhase;
			buildActionMask = 2147483647;
			files = (
				4B77FE2E16C6F2AF00426018 /* SenTestingKit.framework in Frameworks */,
				4B77FE2F16C6F2AF00426018 /* UIKit.framework in Frameworks */,
				4B77FE3016C6F2AF00426018 /* Foundation.framework in Frameworks */,
				4BA3382E16D1942700A2CD24 /* Parse.framework in Frameworks */,
				4BFB654716F660A5009E199D /* libGoogleAnalytics.a in Frameworks */,
				4B37025817233CAD00ACAAED /* libTwilioClient.a in Frameworks */,
				4B37025D17233CC300ACAAED /* libcrypto.a in Frameworks */,
				4B37025F17233CC300ACAAED /* libssl.a in Frameworks */,
			);
			runOnlyForDeploymentPostprocessing = 0;
		};
/* End PBXFrameworksBuildPhase section */

/* Begin PBXGroup section */
		2B606F2516DB7BF800CBACDC /* Google Apps */ = {
			isa = PBXGroup;
			children = (
			);
			name = "Google Apps";
			path = Merkel;
			sourceTree = "<group>";
		};
		4B37025917233CB500ACAAED /* Twilio */ = {
			isa = PBXGroup;
			children = (
				4B37025017233CAD00ACAAED /* libTwilioClient.a */,
				4B37025117233CAD00ACAAED /* TCConnection.h */,
				4B37025217233CAD00ACAAED /* TCConnectionDelegate.h */,
				4B37025317233CAD00ACAAED /* TCDevice.h */,
				4B37025417233CAD00ACAAED /* TCDeviceDelegate.h */,
				4B37025517233CAD00ACAAED /* TCPresenceEvent.h */,
				4B37025617233CAD00ACAAED /* TwilioClient.h */,
			);
			name = Twilio;
			sourceTree = "<group>";
		};
		4B37026617233E2100ACAAED /* Twilio */ = {
			isa = PBXGroup;
			children = (
				4B37026217233E1B00ACAAED /* BMWPhone.h */,
				4B37026317233E1B00ACAAED /* BMWPhone.m */,
			);
			name = Twilio;
			sourceTree = "<group>";
		};
		4B47582317378158004434FD /* Sounds */ = {
			isa = PBXGroup;
			children = (
				4B47580517378150004434FD /* disconnect.wav */,
				4B47580617378150004434FD /* dtmf_0.wav */,
				4B47580717378150004434FD /* dtmf_1.wav */,
				4B47580817378150004434FD /* dtmf_2.wav */,
				4B47580917378150004434FD /* dtmf_3.wav */,
				4B47580A17378150004434FD /* dtmf_4.wav */,
				4B47580B17378150004434FD /* dtmf_5.wav */,
				4B47580C17378150004434FD /* dtmf_6.wav */,
				4B47580D17378150004434FD /* dtmf_7.wav */,
				4B47580E17378150004434FD /* dtmf_8.wav */,
				4B47580F17378150004434FD /* dtmf_9.wav */,
				4B47581017378150004434FD /* dtmf_hash.wav */,
				4B47581117378150004434FD /* dtmf_star.wav */,
				4B47581217378150004434FD /* incoming.wav */,
				4B47581317378150004434FD /* outgoing.wav */,
			);
			name = Sounds;
			sourceTree = "<group>";
		};
		4B77FDFA16C6F2AF00426018 = {
			isa = PBXGroup;
			children = (
				4B77FE0F16C6F2AF00426018 /* Merkel */,
				4B77FE3316C6F2AF00426018 /* MerkelTests */,
				4B77FE0816C6F2AF00426018 /* Frameworks */,
				4B77FE0616C6F2AF00426018 /* Products */,
				299F765672A2407E8FF33FE1 /* Pods.xcconfig */,
			);
			sourceTree = "<group>";
		};
		4B77FE0616C6F2AF00426018 /* Products */ = {
			isa = PBXGroup;
			children = (
				4B77FE0516C6F2AF00426018 /* Merkel.app */,
				4B77FE2C16C6F2AF00426018 /* MerkelTests.octest */,
			);
			name = Products;
			sourceTree = "<group>";
		};
		4B77FE0816C6F2AF00426018 /* Frameworks */ = {
			isa = PBXGroup;
			children = (
				4BACDD0F173D6CE100150192 /* MessageUI.framework */,
				4BE0B9F51727AA2900A2FFD8 /* EventKit.framework */,
				2B4ACF8A1727A5F80011E557 /* AddressBook.framework */,
				2B4ACF8B1727A5F80011E557 /* AddressBookUI.framework */,
				4B37026017233D0000ACAAED /* AVFoundation.framework */,
				4B37025A17233CC300ACAAED /* libcrypto.a */,
				4B37025B17233CC300ACAAED /* libssl.a */,
				4B37025917233CB500ACAAED /* Twilio */,
				4BF95F6216F518CB0058F182 /* libz.dylib */,
				4BF95F6016F518C60058F182 /* CoreTelephony.framework */,
				2B606F2516DB7BF800CBACDC /* Google Apps */,
				4BBEF1BC16D1BD760080F6E5 /* Google Analytics */,
				2B1A35A016D1B68400A3B339 /* ExternalAccessory.framework */,
				2B1A359E16D1B67D00A3B339 /* ImageIO.framework */,
				4BBEF1BD16D1BE8D0080F6E5 /* CoreData.framework */,
				4BA3382C16D1942700A2CD24 /* Parse.framework */,
				4B77FE0916C6F2AF00426018 /* UIKit.framework */,
				4B77FE0B16C6F2AF00426018 /* Foundation.framework */,
				4B77FE0D16C6F2AF00426018 /* CoreGraphics.framework */,
				4B77FE2D16C6F2AF00426018 /* SenTestingKit.framework */,
				8CF2515D55FF42B095C2BE58 /* libPods.a */,
				4BA3384716D1949200A2CD24 /* SystemConfiguration.framework */,
				4BA3384516D1948D00A2CD24 /* StoreKit.framework */,
				4BA3384316D1948700A2CD24 /* Social.framework */,
				4BA3384116D1948300A2CD24 /* Security.framework */,
				4BA3383F16D1947C00A2CD24 /* QuartzCore.framework */,
				4BA3383D16D1947400A2CD24 /* MobileCoreServices.framework */,
				4BA3383B16D1946F00A2CD24 /* libz.1.1.3.dylib */,
				4BA3383916D1946900A2CD24 /* libsqlite3.dylib */,
				4BA3383716D1946100A2CD24 /* CoreLocation.framework */,
				4BA3383516D1945B00A2CD24 /* CFNetwork.framework */,
				4BA3383316D1945600A2CD24 /* AdSupport.framework */,
				4BA3383116D1945100A2CD24 /* Accounts.framework */,
				4BA3382F16D1944C00A2CD24 /* AudioToolbox.framework */,
			);
			name = Frameworks;
			sourceTree = "<group>";
		};
		4B77FE0F16C6F2AF00426018 /* Merkel */ = {
			isa = PBXGroup;
			children = (
				4B77FE2116C6F2AF00426018 /* MainStoryboard.storyboard */,
				4B77FE1816C6F2AF00426018 /* BMWAppDelegate.h */,
				4B77FE1916C6F2AF00426018 /* BMWAppDelegate.m */,
				4B8B324D174B18880046DE41 /* BMWAnalytics.h */,
				4B8B324E174B18880046DE41 /* BMWAnalytics.m */,
				4BB5E0CD173CA7CB00AD7B77 /* QBFlatButton.h */,
				4BB5E0CE173CA7CB00AD7B77 /* QBFlatButton.m */,
				4BBDFE6E171D39810083D4BC /* UIColor+BMW.h */,
				4BBDFE6F171D39810083D4BC /* UIColor+BMW.m */,
				4BBDFE72171D3D840083D4BC /* UIFont+BMW.h */,
				4BBDFE73171D3D840083D4BC /* UIFont+BMW.m */,
				4BB5E0D0173CC2B300AD7B77 /* NSString+Validator.h */,
				4BB5E0D1173CC2B300AD7B77 /* NSString+Validator.m */,
				4BE26266171D382E004F742F /* BMWAppearances.h */,
				4BE26267171D382E004F742F /* BMWAppearances.m */,
				4B77FE2416C6F2AF00426018 /* BMWViewController.h */,
				4B77FE2516C6F2AF00426018 /* BMWViewController.m */,
				4B2E69C3173A5E4300889482 /* BMWLoginViewController.m */,
				4B2E69C2173A5E4300889482 /* BMWLoginViewController.h */,
				4BBEDA26171D4AD30016B00D /* BMWDayTableViewController.h */,
				4BBEDA27171D4AD30016B00D /* BMWDayTableViewController.m */,
				2B1504441723494500957F8A /* BMWDayDetailViewController.h */,
				2B1504451723494500957F8A /* BMWDayDetailViewController.m */,
				2BD4CB70172DF1C100687647 /* BMWAttendeeTableViewController.h */,
				2BD4CB71172DF1C100687647 /* BMWAttendeeTableViewController.m */,
				2B4ACF871727A5260011E557 /* BMWAddressBookViewController.h */,
				2B4ACF881727A5260011E557 /* BMWAddressBookViewController.m */,
				4BBEDA2A171D4EC90016B00D /* BMWSlidingCell.h */,
				4BBEDA2B171D4EC90016B00D /* BMWSlidingCell.m */,
				2BB666A6171D3DB10006397B /* BMWSlidingCellDelegate.h */,
				4B3702671723405F00ACAAED /* BMWAPIClient.h */,
				4B3702681723405F00ACAAED /* BMWAPIClient.m */,
				4BE0B9F11727A9AE00A2FFD8 /* BMWCalendarAccess.h */,
				4BE0B9F21727A9AE00A2FFD8 /* BMWCalendarAccess.m */,
				4BACDD0C173D0E9100150192 /* BMWTimeIndicatorView.h */,
				4BACDD0D173D0E9100150192 /* BMWTimeIndicatorView.m */,
				4B37026617233E2100ACAAED /* Twilio */,
				4B77FE1016C6F2AF00426018 /* Supporting Files */,
			);
			path = Merkel;
			sourceTree = "<group>";
		};
		4B77FE1016C6F2AF00426018 /* Supporting Files */ = {
			isa = PBXGroup;
			children = (
				4B47582317378158004434FD /* Sounds */,
				4BBDFE8E171D3DE70083D4BC /* Fonts */,
				4BBEF1A616D1B82F0080F6E5 /* Icons */,
				4B77FE1116C6F2AF00426018 /* Merkel-Info.plist */,
				4B77FE1216C6F2AF00426018 /* InfoPlist.strings */,
				4B77FE1516C6F2AF00426018 /* main.m */,
				4B77FE1716C6F2AF00426018 /* Merkel-Prefix.pch */,
			);
			name = "Supporting Files";
			sourceTree = "<group>";
		};
		4B77FE3316C6F2AF00426018 /* MerkelTests */ = {
			isa = PBXGroup;
			children = (
				4B77FE3916C6F2AF00426018 /* MerkelTests.h */,
				4B77FE3A16C6F2AF00426018 /* MerkelTests.m */,
				4B77FE3416C6F2AF00426018 /* Supporting Files */,
			);
			path = MerkelTests;
			sourceTree = "<group>";
		};
		4B77FE3416C6F2AF00426018 /* Supporting Files */ = {
			isa = PBXGroup;
			children = (
				4B77FE3516C6F2AF00426018 /* MerkelTests-Info.plist */,
				4B77FE3616C6F2AF00426018 /* InfoPlist.strings */,
			);
			name = "Supporting Files";
			sourceTree = "<group>";
		};
		4BBDFE8E171D3DE70083D4BC /* Fonts */ = {
			isa = PBXGroup;
			children = (
				4BBDFE8F171D3DEC0083D4BC /* Gotham */,
			);
			name = Fonts;
			sourceTree = "<group>";
		};
		4BBDFE8F171D3DEC0083D4BC /* Gotham */ = {
			isa = PBXGroup;
			children = (
				4BBDFE76171D3DDE0083D4BC /* Gotham-Black.otf */,
				4BBDFE77171D3DDE0083D4BC /* Gotham-Bold.otf */,
				4BBDFE78171D3DDE0083D4BC /* Gotham-Book.otf */,
				4BBDFE79171D3DDE0083D4BC /* Gotham-Light.otf */,
				4BBDFE7A171D3DDE0083D4BC /* Gotham-Medium.otf */,
				4BBDFE7B171D3DDE0083D4BC /* Gotham-Thin.otf */,
				4BBDFE7C171D3DDE0083D4BC /* Gotham-Ultra.otf */,
				4BBDFE7D171D3DDE0083D4BC /* Gotham-XLight.otf */,
			);
			name = Gotham;
			sourceTree = "<group>";
		};
		4BBEF1A616D1B82F0080F6E5 /* Icons */ = {
			isa = PBXGroup;
			children = (
				4BE0B9E61727A16300A2FFD8 /* AppIcons */,
				4BBDFE96171D427D0083D4BC /* reveal_menu_icon_landscape.png */,
				4BBDFE97171D427D0083D4BC /* reveal_menu_icon_landscape@2x.png */,
				4BBDFE90171D41F40083D4BC /* reveal_menu_icon_portrait.png */,
				4BBDFE91171D41F40083D4BC /* reveal_menu_icon_portrait@2x.png */,
				4B319AB316ED333000F888FC /* iconFlag.png */,
				4B319AB416ED333000F888FC /* iconMan.png */,
				4B319AB516ED333000F888FC /* iconNote.png */,
				4B7A855A17461E0D002DEFBC /* back-arrow.png */,
				4B7A855B17461E0D002DEFBC /* back-arrow@2x.png */,
				4B49EBEA17462D7D004E538C /* speaker-active.png */,
				4B49EBEB17462D7D004E538C /* speaker-active@2x.png */,
				4B49EBF217462E3E004E538C /* speaker-disabled.png */,
				4B49EBF317462E3E004E538C /* speaker-disabled@2x.png */,
				4B49EBEC17462D7D004E538C /* speaker.png */,
				4B49EBED17462D7D004E538C /* speaker@2x.png */,
			);
			name = Icons;
			sourceTree = "<group>";
		};
		4BBEF1BC16D1BD760080F6E5 /* Google Analytics */ = {
			isa = PBXGroup;
			children = (
				4BFB654016F660A5009E199D /* GAI.h */,
				4BFB654116F660A5009E199D /* GAITrackedViewController.h */,
				4BFB654216F660A5009E199D /* GAITracker.h */,
				4BFB654316F660A5009E199D /* GAITransaction.h */,
				4BFB654416F660A5009E199D /* GAITransactionItem.h */,
				4BFB654516F660A5009E199D /* libGoogleAnalytics.a */,
			);
			name = "Google Analytics";
			sourceTree = "<group>";
		};
		4BE0B9E61727A16300A2FFD8 /* AppIcons */ = {
			isa = PBXGroup;
			children = (
				4BE0B9EB1727A6A400A2FFD8 /* Default-568h@2x.png */,
				4BE0B9EC1727A6A400A2FFD8 /* Default.png */,
				4BE0B9ED1727A6A400A2FFD8 /* Default@2x.png */,
				4BE0B9D21727A15F00A2FFD8 /* Icon-72.png */,
				4BE0B9D31727A15F00A2FFD8 /* Icon-72@2x.png */,
				4BE0B9D41727A15F00A2FFD8 /* Icon-Small-50.png */,
				4BE0B9D51727A15F00A2FFD8 /* Icon-Small-50@2x.png */,
				4BE0B9D61727A15F00A2FFD8 /* Icon-Small.png */,
				4BE0B9D71727A15F00A2FFD8 /* Icon-Small@2x.png */,
				4BE0B9D81727A15F00A2FFD8 /* Icon.png */,
				4BE0B9D91727A15F00A2FFD8 /* Icon@2x.png */,
				4BE0B9DA1727A15F00A2FFD8 /* iTunesArtwork.png */,
				4BE0B9DB1727A15F00A2FFD8 /* iTunesArtwork@2x.png */,
			);
			name = AppIcons;
			sourceTree = "<group>";
		};
/* End PBXGroup section */

/* Begin PBXNativeTarget section */
		4B77FE0416C6F2AF00426018 /* Merkel */ = {
			isa = PBXNativeTarget;
			buildConfigurationList = 4B77FE3E16C6F2AF00426018 /* Build configuration list for PBXNativeTarget "Merkel" */;
			buildPhases = (
				4B77FE0116C6F2AF00426018 /* Sources */,
				4B77FE0216C6F2AF00426018 /* Frameworks */,
				4BA3384D16D1A7AE00A2CD24 /* ShellScript */,
				4B77FE0316C6F2AF00426018 /* Resources */,
				939CA24B6D584BABAD99711C /* Copy Pods Resources */,
			);
			buildRules = (
			);
			dependencies = (
			);
			name = Merkel;
			productName = Merkel;
			productReference = 4B77FE0516C6F2AF00426018 /* Merkel.app */;
			productType = "com.apple.product-type.application";
		};
		4B77FE2B16C6F2AF00426018 /* MerkelTests */ = {
			isa = PBXNativeTarget;
			buildConfigurationList = 4B77FE4116C6F2AF00426018 /* Build configuration list for PBXNativeTarget "MerkelTests" */;
			buildPhases = (
				4B77FE2716C6F2AF00426018 /* Sources */,
				4B77FE2816C6F2AF00426018 /* Frameworks */,
				4B77FE2916C6F2AF00426018 /* Resources */,
				4B77FE2A16C6F2AF00426018 /* ShellScript */,
			);
			buildRules = (
			);
			dependencies = (
				4B77FE3216C6F2AF00426018 /* PBXTargetDependency */,
			);
			name = MerkelTests;
			productName = MerkelTests;
			productReference = 4B77FE2C16C6F2AF00426018 /* MerkelTests.octest */;
			productType = "com.apple.product-type.bundle";
		};
/* End PBXNativeTarget section */

/* Begin PBXProject section */
		4B77FDFC16C6F2AF00426018 /* Project object */ = {
			isa = PBXProject;
			attributes = {
				CLASSPREFIX = BMW;
				LastUpgradeCheck = 0450;
				ORGANIZATIONNAME = BossMobileWunderkinds;
			};
			buildConfigurationList = 4B77FDFF16C6F2AF00426018 /* Build configuration list for PBXProject "Merkel" */;
			compatibilityVersion = "Xcode 3.2";
			developmentRegion = English;
			hasScannedForEncodings = 0;
			knownRegions = (
				en,
			);
			mainGroup = 4B77FDFA16C6F2AF00426018;
			productRefGroup = 4B77FE0616C6F2AF00426018 /* Products */;
			projectDirPath = "";
			projectRoot = "";
			targets = (
				4B77FE0416C6F2AF00426018 /* Merkel */,
				4B77FE2B16C6F2AF00426018 /* MerkelTests */,
			);
		};
/* End PBXProject section */

/* Begin PBXResourcesBuildPhase section */
		4B77FE0316C6F2AF00426018 /* Resources */ = {
			isa = PBXResourcesBuildPhase;
			buildActionMask = 2147483647;
			files = (
				4B77FE1416C6F2AF00426018 /* InfoPlist.strings in Resources */,
				4B77FE2316C6F2AF00426018 /* MainStoryboard.storyboard in Resources */,
				4B319AB616ED333000F888FC /* iconFlag.png in Resources */,
				4B319AB816ED333000F888FC /* iconMan.png in Resources */,
				4B319ABA16ED333000F888FC /* iconNote.png in Resources */,
				4BBDFE7E171D3DDE0083D4BC /* Gotham-Black.otf in Resources */,
				4BBDFE80171D3DDE0083D4BC /* Gotham-Bold.otf in Resources */,
				4BBDFE82171D3DDE0083D4BC /* Gotham-Book.otf in Resources */,
				4BBDFE84171D3DDE0083D4BC /* Gotham-Light.otf in Resources */,
				4BBDFE86171D3DDE0083D4BC /* Gotham-Medium.otf in Resources */,
				4BBDFE88171D3DDE0083D4BC /* Gotham-Thin.otf in Resources */,
				4BBDFE8A171D3DDE0083D4BC /* Gotham-Ultra.otf in Resources */,
				4BBDFE8C171D3DDE0083D4BC /* Gotham-XLight.otf in Resources */,
				4BBDFE92171D41F40083D4BC /* reveal_menu_icon_portrait.png in Resources */,
				4BBDFE94171D41F40083D4BC /* reveal_menu_icon_portrait@2x.png in Resources */,
				4BBDFE98171D427D0083D4BC /* reveal_menu_icon_landscape.png in Resources */,
				4BBDFE9A171D427D0083D4BC /* reveal_menu_icon_landscape@2x.png in Resources */,
				4BE0B9DC1727A15F00A2FFD8 /* Icon-72.png in Resources */,
				4BE0B9DD1727A15F00A2FFD8 /* Icon-72@2x.png in Resources */,
				4BE0B9DE1727A15F00A2FFD8 /* Icon-Small-50.png in Resources */,
				4BE0B9DF1727A15F00A2FFD8 /* Icon-Small-50@2x.png in Resources */,
				4BE0B9E01727A15F00A2FFD8 /* Icon-Small.png in Resources */,
				4BE0B9E11727A15F00A2FFD8 /* Icon-Small@2x.png in Resources */,
				4BE0B9E21727A15F00A2FFD8 /* Icon.png in Resources */,
				4BE0B9E31727A15F00A2FFD8 /* Icon@2x.png in Resources */,
				4BE0B9E41727A15F00A2FFD8 /* iTunesArtwork.png in Resources */,
				4BE0B9E51727A15F00A2FFD8 /* iTunesArtwork@2x.png in Resources */,
				4BE0B9EE1727A6A400A2FFD8 /* Default-568h@2x.png in Resources */,
				4BE0B9EF1727A6A400A2FFD8 /* Default.png in Resources */,
				4BE0B9F01727A6A400A2FFD8 /* Default@2x.png in Resources */,
				4B47581417378150004434FD /* disconnect.wav in Resources */,
				4B47581517378150004434FD /* dtmf_0.wav in Resources */,
				4B47581617378150004434FD /* dtmf_1.wav in Resources */,
				4B47581717378150004434FD /* dtmf_2.wav in Resources */,
				4B47581817378150004434FD /* dtmf_3.wav in Resources */,
				4B47581917378150004434FD /* dtmf_4.wav in Resources */,
				4B47581A17378150004434FD /* dtmf_5.wav in Resources */,
				4B47581B17378150004434FD /* dtmf_6.wav in Resources */,
				4B47581C17378150004434FD /* dtmf_7.wav in Resources */,
				4B47581D17378150004434FD /* dtmf_8.wav in Resources */,
				4B47581E17378150004434FD /* dtmf_9.wav in Resources */,
				4B47581F17378150004434FD /* dtmf_hash.wav in Resources */,
				4B47582017378150004434FD /* dtmf_star.wav in Resources */,
				4B47582117378150004434FD /* incoming.wav in Resources */,
				4B47582217378150004434FD /* outgoing.wav in Resources */,
				4B7A855C17461E0D002DEFBC /* back-arrow.png in Resources */,
				4B7A855D17461E0D002DEFBC /* back-arrow@2x.png in Resources */,
				4B49EBEE17462D7D004E538C /* speaker-active.png in Resources */,
				4B49EBEF17462D7D004E538C /* speaker-active@2x.png in Resources */,
				4B49EBF017462D7D004E538C /* speaker.png in Resources */,
				4B49EBF117462D7D004E538C /* speaker@2x.png in Resources */,
				4B49EBF417462E3E004E538C /* speaker-disabled.png in Resources */,
				4B49EBF517462E3E004E538C /* speaker-disabled@2x.png in Resources */,
			);
			runOnlyForDeploymentPostprocessing = 0;
		};
		4B77FE2916C6F2AF00426018 /* Resources */ = {
			isa = PBXResourcesBuildPhase;
			buildActionMask = 2147483647;
			files = (
				4B77FE3816C6F2AF00426018 /* InfoPlist.strings in Resources */,
				4B319AB716ED333000F888FC /* iconFlag.png in Resources */,
				4B319AB916ED333000F888FC /* iconMan.png in Resources */,
				4B319ABB16ED333000F888FC /* iconNote.png in Resources */,
				4BBDFE7F171D3DDE0083D4BC /* Gotham-Black.otf in Resources */,
				4BBDFE81171D3DDE0083D4BC /* Gotham-Bold.otf in Resources */,
				4BBDFE83171D3DDE0083D4BC /* Gotham-Book.otf in Resources */,
				4BBDFE85171D3DDE0083D4BC /* Gotham-Light.otf in Resources */,
				4BBDFE87171D3DDE0083D4BC /* Gotham-Medium.otf in Resources */,
				4BBDFE89171D3DDE0083D4BC /* Gotham-Thin.otf in Resources */,
				4BBDFE8B171D3DDE0083D4BC /* Gotham-Ultra.otf in Resources */,
				4BBDFE8D171D3DDE0083D4BC /* Gotham-XLight.otf in Resources */,
				4BBDFE93171D41F40083D4BC /* reveal_menu_icon_portrait.png in Resources */,
				4BBDFE95171D41F40083D4BC /* reveal_menu_icon_portrait@2x.png in Resources */,
				4BBDFE99171D427D0083D4BC /* reveal_menu_icon_landscape.png in Resources */,
				4BBDFE9B171D427D0083D4BC /* reveal_menu_icon_landscape@2x.png in Resources */,
			);
			runOnlyForDeploymentPostprocessing = 0;
		};
/* End PBXResourcesBuildPhase section */

/* Begin PBXShellScriptBuildPhase section */
		4B77FE2A16C6F2AF00426018 /* ShellScript */ = {
			isa = PBXShellScriptBuildPhase;
			buildActionMask = 2147483647;
			files = (
			);
			inputPaths = (
			);
			outputPaths = (
			);
			runOnlyForDeploymentPostprocessing = 0;
			shellPath = /bin/sh;
			shellScript = "# Run the unit tests in this test bundle.\n\"${SYSTEM_DEVELOPER_DIR}/Tools/RunUnitTests\"\n";
		};
		4BA3384D16D1A7AE00A2CD24 /* ShellScript */ = {
			isa = PBXShellScriptBuildPhase;
			buildActionMask = 2147483647;
			files = (
			);
			inputPaths = (
			);
			outputPaths = (
			);
			runOnlyForDeploymentPostprocessing = 0;
			shellPath = /bin/sh;
			shellScript = "echo ${SRCROOT}/version.sh\n${SRCROOT}/version.sh --set --plist-path \"${BUILT_PRODUCTS_DIR}/${INFOPLIST_PATH}\" --quiet";
		};
		939CA24B6D584BABAD99711C /* Copy Pods Resources */ = {
			isa = PBXShellScriptBuildPhase;
			buildActionMask = 2147483647;
			files = (
			);
			inputPaths = (
			);
			name = "Copy Pods Resources";
			outputPaths = (
			);
			runOnlyForDeploymentPostprocessing = 0;
			shellPath = /bin/sh;
			shellScript = "\"${SRCROOT}/Pods/Pods-resources.sh\"\n";
		};
/* End PBXShellScriptBuildPhase section */

/* Begin PBXSourcesBuildPhase section */
		4B77FE0116C6F2AF00426018 /* Sources */ = {
			isa = PBXSourcesBuildPhase;
			buildActionMask = 2147483647;
			files = (
				4B77FE1616C6F2AF00426018 /* main.m in Sources */,
				4B77FE1A16C6F2AF00426018 /* BMWAppDelegate.m in Sources */,
				4B77FE2616C6F2AF00426018 /* BMWViewController.m in Sources */,
				4BE26268171D382E004F742F /* BMWAppearances.m in Sources */,
				4BBDFE70171D39810083D4BC /* UIColor+BMW.m in Sources */,
				4BBDFE74171D3D840083D4BC /* UIFont+BMW.m in Sources */,
				4BBEDA28171D4AD30016B00D /* BMWDayTableViewController.m in Sources */,
				4BBEDA2C171D4EC90016B00D /* BMWSlidingCell.m in Sources */,
				4B37026417233E1B00ACAAED /* BMWPhone.m in Sources */,
				4B3702691723405F00ACAAED /* BMWAPIClient.m in Sources */,
				2B1504461723494500957F8A /* BMWDayDetailViewController.m in Sources */,
				2B4ACF891727A5260011E557 /* BMWAddressBookViewController.m in Sources */,
				4BE0B9F31727A9AE00A2FFD8 /* BMWCalendarAccess.m in Sources */,
				2BD4CB72172DF1C100687647 /* BMWAttendeeTableViewController.m in Sources */,
				4B2E69C4173A5E4300889482 /* BMWLoginViewController.m in Sources */,
				4BB5E0CF173CA7CB00AD7B77 /* QBFlatButton.m in Sources */,
				4BB5E0D2173CC2B300AD7B77 /* NSString+Validator.m in Sources */,
				4BACDD0E173D0E9100150192 /* BMWTimeIndicatorView.m in Sources */,
				4B8B324F174B18880046DE41 /* BMWAnalytics.m in Sources */,
			);
			runOnlyForDeploymentPostprocessing = 0;
		};
		4B77FE2716C6F2AF00426018 /* Sources */ = {
			isa = PBXSourcesBuildPhase;
			buildActionMask = 2147483647;
			files = (
				4B77FE3B16C6F2AF00426018 /* MerkelTests.m in Sources */,
				4BE26269171D382E004F742F /* BMWAppearances.m in Sources */,
				4BBDFE71171D39810083D4BC /* UIColor+BMW.m in Sources */,
				4BBDFE75171D3D840083D4BC /* UIFont+BMW.m in Sources */,
				4BBEDA29171D4AD30016B00D /* BMWDayTableViewController.m in Sources */,
				4BBEDA2D171D4EC90016B00D /* BMWSlidingCell.m in Sources */,
				4B37026517233E1B00ACAAED /* BMWPhone.m in Sources */,
				4B37026A1723405F00ACAAED /* BMWAPIClient.m in Sources */,
				4BE0B9F41727A9AE00A2FFD8 /* BMWCalendarAccess.m in Sources */,
			);
			runOnlyForDeploymentPostprocessing = 0;
		};
/* End PBXSourcesBuildPhase section */

/* Begin PBXTargetDependency section */
		4B77FE3216C6F2AF00426018 /* PBXTargetDependency */ = {
			isa = PBXTargetDependency;
			target = 4B77FE0416C6F2AF00426018 /* Merkel */;
			targetProxy = 4B77FE3116C6F2AF00426018 /* PBXContainerItemProxy */;
		};
/* End PBXTargetDependency section */

/* Begin PBXVariantGroup section */
		4B77FE1216C6F2AF00426018 /* InfoPlist.strings */ = {
			isa = PBXVariantGroup;
			children = (
				4B77FE1316C6F2AF00426018 /* en */,
			);
			name = InfoPlist.strings;
			sourceTree = "<group>";
		};
		4B77FE2116C6F2AF00426018 /* MainStoryboard.storyboard */ = {
			isa = PBXVariantGroup;
			children = (
				4B77FE2216C6F2AF00426018 /* en */,
			);
			name = MainStoryboard.storyboard;
			sourceTree = "<group>";
		};
		4B77FE3616C6F2AF00426018 /* InfoPlist.strings */ = {
			isa = PBXVariantGroup;
			children = (
				4B77FE3716C6F2AF00426018 /* en */,
			);
			name = InfoPlist.strings;
			sourceTree = "<group>";
		};
/* End PBXVariantGroup section */

/* Begin XCBuildConfiguration section */
		4B77FE3C16C6F2AF00426018 /* Debug */ = {
			isa = XCBuildConfiguration;
			buildSettings = {
				ALWAYS_SEARCH_USER_PATHS = NO;
				CLANG_CXX_LANGUAGE_STANDARD = "gnu++0x";
				CLANG_CXX_LIBRARY = "libc++";
				CLANG_ENABLE_OBJC_ARC = YES;
				CLANG_WARN_EMPTY_BODY = YES;
				CLANG_WARN__DUPLICATE_METHOD_MATCH = YES;
				"CODE_SIGN_IDENTITY[sdk=iphoneos*]" = "iPhone Developer";
				COPY_PHASE_STRIP = NO;
				GCC_C_LANGUAGE_STANDARD = gnu99;
				GCC_DYNAMIC_NO_PIC = NO;
				GCC_OPTIMIZATION_LEVEL = 0;
				GCC_PREPROCESSOR_DEFINITIONS = (
					"DEBUG=1",
					"$(inherited)",
				);
				GCC_SYMBOLS_PRIVATE_EXTERN = NO;
				GCC_WARN_ABOUT_RETURN_TYPE = YES;
				GCC_WARN_UNINITIALIZED_AUTOS = YES;
				GCC_WARN_UNUSED_VARIABLE = YES;
				IPHONEOS_DEPLOYMENT_TARGET = 6.0;
				ONLY_ACTIVE_ARCH = YES;
				SDKROOT = iphoneos;
			};
			name = Debug;
		};
		4B77FE3D16C6F2AF00426018 /* Release */ = {
			isa = XCBuildConfiguration;
			buildSettings = {
				ALWAYS_SEARCH_USER_PATHS = NO;
				CLANG_CXX_LANGUAGE_STANDARD = "gnu++0x";
				CLANG_CXX_LIBRARY = "libc++";
				CLANG_ENABLE_OBJC_ARC = YES;
				CLANG_WARN_EMPTY_BODY = YES;
				CLANG_WARN__DUPLICATE_METHOD_MATCH = YES;
				"CODE_SIGN_IDENTITY[sdk=iphoneos*]" = "iPhone Developer";
				COPY_PHASE_STRIP = YES;
				GCC_C_LANGUAGE_STANDARD = gnu99;
				GCC_WARN_ABOUT_RETURN_TYPE = YES;
				GCC_WARN_UNINITIALIZED_AUTOS = YES;
				GCC_WARN_UNUSED_VARIABLE = YES;
				IPHONEOS_DEPLOYMENT_TARGET = 6.0;
				OTHER_CFLAGS = "-DNS_BLOCK_ASSERTIONS=1";
				SDKROOT = iphoneos;
				VALIDATE_PRODUCT = YES;
			};
			name = Release;
		};
		4B77FE3F16C6F2AF00426018 /* Debug */ = {
			isa = XCBuildConfiguration;
			baseConfigurationReference = 299F765672A2407E8FF33FE1 /* Pods.xcconfig */;
			buildSettings = {
				ARCHS = armv7;
				CODE_SIGN_IDENTITY = "iPhone Developer";
				"CODE_SIGN_IDENTITY[sdk=iphoneos*]" = "iPhone Developer";
				CURRENT_PROJECT_VERSION = 23;
				FRAMEWORK_SEARCH_PATHS = (
					"$(inherited)",
					"\"$(SRCROOT)\"",
					"\"$(SRCROOT)/Frameworks\"",
				);
				GCC_PRECOMPILE_PREFIX_HEADER = YES;
				GCC_PREFIX_HEADER = "Merkel/Merkel-Prefix.pch";
				HEADER_SEARCH_PATHS = "${PODS_HEADERS_SEARCH_PATHS}/**";
				INFOPLIST_FILE = "Merkel/Merkel-Info.plist";
				IPHONEOS_DEPLOYMENT_TARGET = 6.0;
				LIBRARY_SEARCH_PATHS = (
					"$(inherited)",
					"\"$(SRCROOT)\"",
					"\"$(SRCROOT)/Frameworks/GoogleAnalytics\"",
					"\"$(SRCROOT)/Frameworks/Twilio\"",
					"\"$(SRCROOT)/Frameworks\"",
				);
				OTHER_LDFLAGS = (
					"-ObjC",
					"-lTestFlight",
					"-lz",
					"-framework",
					CoreGraphics,
					"-framework",
					CoreTelephony,
					"-framework",
					ImageIO,
					"-framework",
					MapKit,
					"-framework",
					MobileCoreServices,
					"-framework",
					NewRelicAgent,
					"-framework",
					QuartzCore,
					"-framework",
					Security,
					"-framework",
					SystemConfiguration,
					"-framework",
					UIKit,
					"-all_load",
				);
				PRODUCT_NAME = "$(TARGET_NAME)";
				PROVISIONING_PROFILE = "";
				"PROVISIONING_PROFILE[sdk=iphoneos*]" = "";
				USER_HEADER_SEARCH_PATHS = "${PODS_HEADERS_SEARCH_PATHS}/**";
				VALID_ARCHS = armv7;
				VERSIONING_SYSTEM = "apple-generic";
				WRAPPER_EXTENSION = app;
			};
			name = Debug;
		};
		4B77FE4016C6F2AF00426018 /* Release */ = {
			isa = XCBuildConfiguration;
			baseConfigurationReference = 299F765672A2407E8FF33FE1 /* Pods.xcconfig */;
			buildSettings = {
				CODE_SIGN_IDENTITY = "iPhone Distribution";
				"CODE_SIGN_IDENTITY[sdk=iphoneos*]" = "iPhone Distribution";
				CURRENT_PROJECT_VERSION = 23;
				FRAMEWORK_SEARCH_PATHS = (
					"$(inherited)",
					"\"$(SRCROOT)\"",
					"\"$(SRCROOT)/Frameworks\"",
				);
				GCC_PRECOMPILE_PREFIX_HEADER = YES;
				GCC_PREFIX_HEADER = "Merkel/Merkel-Prefix.pch";
				HEADER_SEARCH_PATHS = "${PODS_HEADERS_SEARCH_PATHS}/**";
				INFOPLIST_FILE = "Merkel/Merkel-Info.plist";
				IPHONEOS_DEPLOYMENT_TARGET = 6.0;
				LIBRARY_SEARCH_PATHS = (
					"$(inherited)",
					"\"$(SRCROOT)\"",
					"\"$(SRCROOT)/Frameworks/GoogleAnalytics\"",
					"\"$(SRCROOT)/Frameworks/Twilio\"",
					"\"$(SRCROOT)/Frameworks\"",
				);
				OTHER_LDFLAGS = (
					"-ObjC",
					"-lTestFlight",
					"-lz",
					"-framework",
					CoreGraphics,
					"-framework",
					CoreTelephony,
					"-framework",
					ImageIO,
					"-framework",
					MapKit,
					"-framework",
					MobileCoreServices,
					"-framework",
					NewRelicAgent,
					"-framework",
					QuartzCore,
					"-framework",
					Security,
					"-framework",
					SystemConfiguration,
					"-framework",
					UIKit,
					"-all_load",
				);
				PRODUCT_NAME = "$(TARGET_NAME)";
				PROVISIONING_PROFILE = "";
				"PROVISIONING_PROFILE[sdk=iphoneos*]" = "";
				USER_HEADER_SEARCH_PATHS = "${PODS_HEADERS_SEARCH_PATHS}/**";
				VALID_ARCHS = armv7;
				VERSIONING_SYSTEM = "apple-generic";
				WRAPPER_EXTENSION = app;
			};
			name = Release;
		};
		4B77FE4216C6F2AF00426018 /* Debug */ = {
			isa = XCBuildConfiguration;
			buildSettings = {
				BUNDLE_LOADER = "$(BUILT_PRODUCTS_DIR)/Merkel.app/Merkel";
				FRAMEWORK_SEARCH_PATHS = (
					"\"$(SDKROOT)/Developer/Library/Frameworks\"",
					"\"$(DEVELOPER_LIBRARY_DIR)/Frameworks\"",
					"\"$(SRCROOT)\"",
					"\"$(SRCROOT)/Frameworks\"",
				);
				GCC_PRECOMPILE_PREFIX_HEADER = YES;
				GCC_PREFIX_HEADER = "Merkel/Merkel-Prefix.pch";
				INFOPLIST_FILE = "MerkelTests/MerkelTests-Info.plist";
				LIBRARY_SEARCH_PATHS = (
					"$(inherited)",
					"\"$(SRCROOT)\"",
					"\"$(SRCROOT)/Frameworks/GoogleAnalytics\"",
					"\"$(SRCROOT)/Frameworks/Twilio\"",
					"\"$(SRCROOT)/Frameworks\"",
				);
				PRODUCT_NAME = "$(TARGET_NAME)";
				TEST_HOST = "$(BUNDLE_LOADER)";
				WRAPPER_EXTENSION = octest;
			};
			name = Debug;
		};
		4B77FE4316C6F2AF00426018 /* Release */ = {
			isa = XCBuildConfiguration;
			buildSettings = {
				BUNDLE_LOADER = "$(BUILT_PRODUCTS_DIR)/Merkel.app/Merkel";
				FRAMEWORK_SEARCH_PATHS = (
					"\"$(SDKROOT)/Developer/Library/Frameworks\"",
					"\"$(DEVELOPER_LIBRARY_DIR)/Frameworks\"",
					"\"$(SRCROOT)\"",
					"\"$(SRCROOT)/Frameworks\"",
				);
				GCC_PRECOMPILE_PREFIX_HEADER = YES;
				GCC_PREFIX_HEADER = "Merkel/Merkel-Prefix.pch";
				INFOPLIST_FILE = "MerkelTests/MerkelTests-Info.plist";
				LIBRARY_SEARCH_PATHS = (
					"$(inherited)",
					"\"$(SRCROOT)\"",
					"\"$(SRCROOT)/Frameworks/GoogleAnalytics\"",
					"\"$(SRCROOT)/Frameworks/Twilio\"",
					"\"$(SRCROOT)/Frameworks\"",
				);
				PRODUCT_NAME = "$(TARGET_NAME)";
				TEST_HOST = "$(BUNDLE_LOADER)";
				WRAPPER_EXTENSION = octest;
			};
			name = Release;
		};
/* End XCBuildConfiguration section */

/* Begin XCConfigurationList section */
		4B77FDFF16C6F2AF00426018 /* Build configuration list for PBXProject "Merkel" */ = {
			isa = XCConfigurationList;
			buildConfigurations = (
				4B77FE3C16C6F2AF00426018 /* Debug */,
				4B77FE3D16C6F2AF00426018 /* Release */,
			);
			defaultConfigurationIsVisible = 0;
			defaultConfigurationName = Release;
		};
		4B77FE3E16C6F2AF00426018 /* Build configuration list for PBXNativeTarget "Merkel" */ = {
			isa = XCConfigurationList;
			buildConfigurations = (
				4B77FE3F16C6F2AF00426018 /* Debug */,
				4B77FE4016C6F2AF00426018 /* Release */,
			);
			defaultConfigurationIsVisible = 0;
			defaultConfigurationName = Release;
		};
		4B77FE4116C6F2AF00426018 /* Build configuration list for PBXNativeTarget "MerkelTests" */ = {
			isa = XCConfigurationList;
			buildConfigurations = (
				4B77FE4216C6F2AF00426018 /* Debug */,
				4B77FE4316C6F2AF00426018 /* Release */,
			);
			defaultConfigurationIsVisible = 0;
			defaultConfigurationName = Release;
		};
/* End XCConfigurationList section */
	};
	rootObject = 4B77FDFC16C6F2AF00426018 /* Project object */;
}
