
DEPENDENCIES: 
- Google-API-Client (~> 0.0.1)
- SDWebImage (~> 3.0)
- TestFlightSDK (~> 1.2.4.beta)

COCOAPODS: 0.16.0

PODS: 
- Google-API-Client (0.0.1): 
  - Google-API-Client/AdSense (= 0.0.1)
  - Google-API-Client/All (= 0.0.1)
  - Google-API-Client/Analytics (= 0.0.1)
  - Google-API-Client/Calendar (= 0.0.1)
  - Google-API-Client/Drive (= 0.0.1)
  - Google-API-Client/Plus (= 0.0.1)
  - Google-API-Client/YouTube (= 0.0.1)
- Google-API-Client/AdSense (0.0.1)
- Google-API-Client/All (0.0.1)
- Google-API-Client/Analytics (0.0.1)
- Google-API-Client/Calendar (0.0.1)
- Google-API-Client/Drive (0.0.1)
- Google-API-Client/Plus (0.0.1)
- Google-API-Client/YouTube (0.0.1)
- SDWebImage (3.1): 
  - SDWebImage/Main (= 3.1)
- SDWebImage/Main (3.1)
- TestFlightSDK (1.2.4.beta)

SPEC CHECKSUMS: 
  Google-API-Client/YouTube: 6f9af209e1d4cd749161d71b8234026a63145326
  Google-API-Client/Analytics: 6f9af209e1d4cd749161d71b8234026a63145326
  Google-API-Client: 6f9af209e1d4cd749161d71b8234026a63145326
  Google-API-Client/Plus: 6f9af209e1d4cd749161d71b8234026a63145326
  Google-API-Client/Calendar: 6f9af209e1d4cd749161d71b8234026a63145326
  Google-API-Client/AdSense: 6f9af209e1d4cd749161d71b8234026a63145326
  TestFlightSDK: aeec97fd81096753d53b942f030a443520a087f4
  SDWebImage: 9e70e5dd0c69d1a043180cd2c5e1d0cd1e4ebcd7
  Google-API-Client/All: 6f9af209e1d4cd749161d71b8234026a63145326
  SDWebImage/Main: 9e70e5dd0c69d1a043180cd2c5e1d0cd1e4ebcd7
  Google-API-Client/Drive: 6f9af209e1d4cd749161d71b8234026a63145326
